// !$*UTF8*$!
{
	archiveVersion = 1;
	classes = {
	};
	objectVersion = 46;
	objects = {

/* Begin PBXBuildFile section */
		975675FF1CC7233D0046BFAE /* PlayerSubviewsConsole.m in Sources */ = {isa = PBXBuildFile; fileRef = 975675FE1CC7233D0046BFAE /* PlayerSubviewsConsole.m */; };
		9767C3701CC6301500E79EFF /* kHelp.m in Sources */ = {isa = PBXBuildFile; fileRef = 9767C36F1CC6301500E79EFF /* kHelp.m */; };
		9767C3731CC634B900E79EFF /* comment_reply_p@2x.png in Resources */ = {isa = PBXBuildFile; fileRef = 9767C3711CC634B900E79EFF /* comment_reply_p@2x.png */; };
		9767C3741CC634B900E79EFF /* comment_reply_p@3x.png in Resources */ = {isa = PBXBuildFile; fileRef = 9767C3721CC634B900E79EFF /* comment_reply_p@3x.png */; };
		9767C3791CC634E500E79EFF /* comment_like_p@2x.png in Resources */ = {isa = PBXBuildFile; fileRef = 9767C3751CC634E500E79EFF /* comment_like_p@2x.png */; };
		9767C37A1CC634E500E79EFF /* comment_like_p@3x.png in Resources */ = {isa = PBXBuildFile; fileRef = 9767C3761CC634E500E79EFF /* comment_like_p@3x.png */; };
		9767C37B1CC634E500E79EFF /* comment_unlike_p@2x.png in Resources */ = {isa = PBXBuildFile; fileRef = 9767C3771CC634E500E79EFF /* comment_unlike_p@2x.png */; };
		9767C37C1CC634E500E79EFF /* comment_unlike_p@3x.png in Resources */ = {isa = PBXBuildFile; fileRef = 9767C3781CC634E500E79EFF /* comment_unlike_p@3x.png */; };
		9767C3AF1CC63FF800E79EFF /* usericon_01.png in Resources */ = {isa = PBXBuildFile; fileRef = 9767C37D1CC63FF800E79EFF /* usericon_01.png */; };
		9767C3B01CC63FF800E79EFF /* usericon_02.png in Resources */ = {isa = PBXBuildFile; fileRef = 9767C37E1CC63FF800E79EFF /* usericon_02.png */; };
		9767C3B11CC63FF800E79EFF /* usericon_03.png in Resources */ = {isa = PBXBuildFile; fileRef = 9767C37F1CC63FF800E79EFF /* usericon_03.png */; };
		9767C3B21CC63FF800E79EFF /* usericon_04.png in Resources */ = {isa = PBXBuildFile; fileRef = 9767C3801CC63FF800E79EFF /* usericon_04.png */; };
		9767C3B31CC63FF800E79EFF /* usericon_05.png in Resources */ = {isa = PBXBuildFile; fileRef = 9767C3811CC63FF800E79EFF /* usericon_05.png */; };
		9767C3B41CC63FF800E79EFF /* usericon_06.png in Resources */ = {isa = PBXBuildFile; fileRef = 9767C3821CC63FF800E79EFF /* usericon_06.png */; };
		9767C3B51CC63FF800E79EFF /* usericon_07.png in Resources */ = {isa = PBXBuildFile; fileRef = 9767C3831CC63FF800E79EFF /* usericon_07.png */; };
		9767C3B61CC63FF800E79EFF /* usericon_08.png in Resources */ = {isa = PBXBuildFile; fileRef = 9767C3841CC63FF800E79EFF /* usericon_08.png */; };
		9767C3B71CC63FF800E79EFF /* usericon_09.png in Resources */ = {isa = PBXBuildFile; fileRef = 9767C3851CC63FF800E79EFF /* usericon_09.png */; };
		9767C3B81CC63FF800E79EFF /* usericon_10.png in Resources */ = {isa = PBXBuildFile; fileRef = 9767C3861CC63FF800E79EFF /* usericon_10.png */; };
		9767C3B91CC63FF800E79EFF /* usericon_11.png in Resources */ = {isa = PBXBuildFile; fileRef = 9767C3871CC63FF800E79EFF /* usericon_11.png */; };
		9767C3BA1CC63FF800E79EFF /* usericon_12.png in Resources */ = {isa = PBXBuildFile; fileRef = 9767C3881CC63FF800E79EFF /* usericon_12.png */; };
		9767C3BB1CC63FF800E79EFF /* usericon_13.png in Resources */ = {isa = PBXBuildFile; fileRef = 9767C3891CC63FF800E79EFF /* usericon_13.png */; };
		9767C3BC1CC63FF800E79EFF /* usericon_14.png in Resources */ = {isa = PBXBuildFile; fileRef = 9767C38A1CC63FF800E79EFF /* usericon_14.png */; };
		9767C3BD1CC63FF800E79EFF /* usericon_15.png in Resources */ = {isa = PBXBuildFile; fileRef = 9767C38B1CC63FF800E79EFF /* usericon_15.png */; };
		9767C3BE1CC63FF800E79EFF /* usericon_16.png in Resources */ = {isa = PBXBuildFile; fileRef = 9767C38C1CC63FF800E79EFF /* usericon_16.png */; };
		9767C3BF1CC63FF800E79EFF /* usericon_17.png in Resources */ = {isa = PBXBuildFile; fileRef = 9767C38D1CC63FF800E79EFF /* usericon_17.png */; };
		9767C3C01CC63FF800E79EFF /* usericon_18.png in Resources */ = {isa = PBXBuildFile; fileRef = 9767C38E1CC63FF800E79EFF /* usericon_18.png */; };
		9767C3C11CC63FF800E79EFF /* usericon_19.png in Resources */ = {isa = PBXBuildFile; fileRef = 9767C38F1CC63FF800E79EFF /* usericon_19.png */; };
		9767C3C21CC63FF800E79EFF /* usericon_20.png in Resources */ = {isa = PBXBuildFile; fileRef = 9767C3901CC63FF800E79EFF /* usericon_20.png */; };
		9767C3C31CC63FF800E79EFF /* usericon_21.png in Resources */ = {isa = PBXBuildFile; fileRef = 9767C3911CC63FF800E79EFF /* usericon_21.png */; };
		9767C3C41CC63FF800E79EFF /* usericon_22.png in Resources */ = {isa = PBXBuildFile; fileRef = 9767C3921CC63FF800E79EFF /* usericon_22.png */; };
		9767C3C51CC63FF800E79EFF /* usericon_23.png in Resources */ = {isa = PBXBuildFile; fileRef = 9767C3931CC63FF800E79EFF /* usericon_23.png */; };
		9767C3C61CC63FF800E79EFF /* usericon_24.png in Resources */ = {isa = PBXBuildFile; fileRef = 9767C3941CC63FF800E79EFF /* usericon_24.png */; };
		9767C3C71CC63FF800E79EFF /* usericon_25.png in Resources */ = {isa = PBXBuildFile; fileRef = 9767C3951CC63FF800E79EFF /* usericon_25.png */; };
		9767C3C81CC63FF800E79EFF /* usericon_26.png in Resources */ = {isa = PBXBuildFile; fileRef = 9767C3961CC63FF800E79EFF /* usericon_26.png */; };
		9767C3C91CC63FF800E79EFF /* usericon_27.png in Resources */ = {isa = PBXBuildFile; fileRef = 9767C3971CC63FF800E79EFF /* usericon_27.png */; };
		9767C3CA1CC63FF800E79EFF /* usericon_28.png in Resources */ = {isa = PBXBuildFile; fileRef = 9767C3981CC63FF800E79EFF /* usericon_28.png */; };
		9767C3CB1CC63FF800E79EFF /* usericon_29.png in Resources */ = {isa = PBXBuildFile; fileRef = 9767C3991CC63FF800E79EFF /* usericon_29.png */; };
		9767C3CC1CC63FF800E79EFF /* usericon_30.png in Resources */ = {isa = PBXBuildFile; fileRef = 9767C39A1CC63FF800E79EFF /* usericon_30.png */; };
		9767C3CD1CC63FF800E79EFF /* usericon_31.png in Resources */ = {isa = PBXBuildFile; fileRef = 9767C39B1CC63FF800E79EFF /* usericon_31.png */; };
		9767C3CE1CC63FF800E79EFF /* usericon_32.png in Resources */ = {isa = PBXBuildFile; fileRef = 9767C39C1CC63FF800E79EFF /* usericon_32.png */; };
		9767C3CF1CC63FF800E79EFF /* usericon_33.png in Resources */ = {isa = PBXBuildFile; fileRef = 9767C39D1CC63FF800E79EFF /* usericon_33.png */; };
		9767C3D01CC63FF800E79EFF /* usericon_34.png in Resources */ = {isa = PBXBuildFile; fileRef = 9767C39E1CC63FF800E79EFF /* usericon_34.png */; };
		9767C3D11CC63FF800E79EFF /* usericon_36.png in Resources */ = {isa = PBXBuildFile; fileRef = 9767C39F1CC63FF800E79EFF /* usericon_36.png */; };
		9767C3D21CC63FF800E79EFF /* usericon_37.png in Resources */ = {isa = PBXBuildFile; fileRef = 9767C3A01CC63FF800E79EFF /* usericon_37.png */; };
		9767C3D31CC63FF800E79EFF /* usericon_38.png in Resources */ = {isa = PBXBuildFile; fileRef = 9767C3A11CC63FF800E79EFF /* usericon_38.png */; };
		9767C3D41CC63FF800E79EFF /* usericon_39.png in Resources */ = {isa = PBXBuildFile; fileRef = 9767C3A21CC63FF800E79EFF /* usericon_39.png */; };
		9767C3D51CC63FF800E79EFF /* usericon_40.png in Resources */ = {isa = PBXBuildFile; fileRef = 9767C3A31CC63FF800E79EFF /* usericon_40.png */; };
		9767C3D61CC63FF800E79EFF /* usericon_41.png in Resources */ = {isa = PBXBuildFile; fileRef = 9767C3A41CC63FF800E79EFF /* usericon_41.png */; };
		9767C3D71CC63FF800E79EFF /* usericon_42.png in Resources */ = {isa = PBXBuildFile; fileRef = 9767C3A51CC63FF800E79EFF /* usericon_42.png */; };
		9767C3D81CC63FF800E79EFF /* usericon_43.png in Resources */ = {isa = PBXBuildFile; fileRef = 9767C3A61CC63FF800E79EFF /* usericon_43.png */; };
		9767C3D91CC63FF800E79EFF /* usericon_44.png in Resources */ = {isa = PBXBuildFile; fileRef = 9767C3A71CC63FF800E79EFF /* usericon_44.png */; };
		9767C3DA1CC63FF800E79EFF /* usericon_45.png in Resources */ = {isa = PBXBuildFile; fileRef = 9767C3A81CC63FF800E79EFF /* usericon_45.png */; };
		9767C3DB1CC63FF800E79EFF /* usericon_46.png in Resources */ = {isa = PBXBuildFile; fileRef = 9767C3A91CC63FF800E79EFF /* usericon_46.png */; };
		9767C3DC1CC63FF800E79EFF /* usericon_47.png in Resources */ = {isa = PBXBuildFile; fileRef = 9767C3AA1CC63FF800E79EFF /* usericon_47.png */; };
		9767C3DD1CC63FF800E79EFF /* usericon_48.png in Resources */ = {isa = PBXBuildFile; fileRef = 9767C3AB1CC63FF800E79EFF /* usericon_48.png */; };
		9767C3DE1CC63FF800E79EFF /* usericon_49.png in Resources */ = {isa = PBXBuildFile; fileRef = 9767C3AC1CC63FF800E79EFF /* usericon_49.png */; };
		9767C3DF1CC63FF800E79EFF /* usericon_50.png in Resources */ = {isa = PBXBuildFile; fileRef = 9767C3AD1CC63FF800E79EFF /* usericon_50.png */; };
		9767C3E01CC63FF800E79EFF /* usericon_51.png in Resources */ = {isa = PBXBuildFile; fileRef = 9767C3AE1CC63FF800E79EFF /* usericon_51.png */; };
		976C54C71CC4866C00CD076A /* film_05.png in Resources */ = {isa = PBXBuildFile; fileRef = 976C54C21CC4866C00CD076A /* film_05.png */; };
		976C54C81CC4866C00CD076A /* film_06.png in Resources */ = {isa = PBXBuildFile; fileRef = 976C54C31CC4866C00CD076A /* film_06.png */; };
		976C54C91CC4866C00CD076A /* film_07.png in Resources */ = {isa = PBXBuildFile; fileRef = 976C54C41CC4866C00CD076A /* film_07.png */; };
		976C54CA1CC4866C00CD076A /* film_08.png in Resources */ = {isa = PBXBuildFile; fileRef = 976C54C51CC4866C00CD076A /* film_08.png */; };
		976C54CB1CC4866C00CD076A /* film_09.png in Resources */ = {isa = PBXBuildFile; fileRef = 976C54C61CC4866C00CD076A /* film_09.png */; };
		976C54CE1CC48CBF00CD076A /* iqiyi_filmslist.plist in Resources */ = {isa = PBXBuildFile; fileRef = 976C54CD1CC48CBF00CD076A /* iqiyi_filmslist.plist */; };
		976C54D11CC48D6F00CD076A /* BaseModel.m in Sources */ = {isa = PBXBuildFile; fileRef = 976C54D01CC48D6F00CD076A /* BaseModel.m */; };
		976C54D41CC4AA7A00CD076A /* FithSectionCell.m in Sources */ = {isa = PBXBuildFile; fileRef = 976C54D31CC4AA7A00CD076A /* FithSectionCell.m */; };
		976C54D61CC4C42300CD076A /* icon2.png in Resources */ = {isa = PBXBuildFile; fileRef = 976C54D51CC4C42300CD076A /* icon2.png */; };
		976C54D91CC4C96D00CD076A /* CommentCell.m in Sources */ = {isa = PBXBuildFile; fileRef = 976C54D81CC4C96D00CD076A /* CommentCell.m */; };
		976C54DF1CC4CA7100CD076A /* ReplyListTableView.m in Sources */ = {isa = PBXBuildFile; fileRef = 976C54DE1CC4CA7100CD076A /* ReplyListTableView.m */; };
		976C54E21CC4CC1200CD076A /* CommentModel.m in Sources */ = {isa = PBXBuildFile; fileRef = 976C54E11CC4CC1200CD076A /* CommentModel.m */; };
		976C54E51CC4CC2900CD076A /* CommentLayoutObject.m in Sources */ = {isa = PBXBuildFile; fileRef = 976C54E41CC4CC2900CD076A /* CommentLayoutObject.m */; };
		976C54E91CC4DED200CD076A /* ReplyListModel.m in Sources */ = {isa = PBXBuildFile; fileRef = 976C54E81CC4DED200CD076A /* ReplyListModel.m */; };
		9773DC5D1CC3534900671520 /* PlayerDetailController.m in Sources */ = {isa = PBXBuildFile; fileRef = 9773DC561CC3534900671520 /* PlayerDetailController.m */; };
		9773DC5E1CC3534900671520 /* iQiyiDataSource.m in Sources */ = {isa = PBXBuildFile; fileRef = 9773DC591CC3534900671520 /* iQiyiDataSource.m */; };
		9773DC5F1CC3534900671520 /* PlayerDetailCell.m in Sources */ = {isa = PBXBuildFile; fileRef = 9773DC5C1CC3534900671520 /* PlayerDetailCell.m */; };
		9773DC621CC3536600671520 /* FirstSectionCell.m in Sources */ = {isa = PBXBuildFile; fileRef = 9773DC611CC3536600671520 /* FirstSectionCell.m */; };
		9773DC651CC3537200671520 /* SecondSectionCell.m in Sources */ = {isa = PBXBuildFile; fileRef = 9773DC641CC3537200671520 /* SecondSectionCell.m */; };
		9773DC681CC3537D00671520 /* ThirdSectionCell.m in Sources */ = {isa = PBXBuildFile; fileRef = 9773DC671CC3537D00671520 /* ThirdSectionCell.m */; };
		9773DC821CC3588F00671520 /* ad_pause_p.png in Resources */ = {isa = PBXBuildFile; fileRef = 9773DC691CC3588E00671520 /* ad_pause_p.png */; };
		9773DC831CC3588F00671520 /* ad_pause_p@2x.png in Resources */ = {isa = PBXBuildFile; fileRef = 9773DC6A1CC3588E00671520 /* ad_pause_p@2x.png */; };
		9773DC841CC3588F00671520 /* ad_pause_p@3x.png in Resources */ = {isa = PBXBuildFile; fileRef = 9773DC6B1CC3588E00671520 /* ad_pause_p@3x.png */; };
		9773DC851CC3588F00671520 /* ad_play_p.png in Resources */ = {isa = PBXBuildFile; fileRef = 9773DC6C1CC3588E00671520 /* ad_play_p.png */; };
		9773DC861CC3588F00671520 /* ad_play_p@2x.png in Resources */ = {isa = PBXBuildFile; fileRef = 9773DC6D1CC3588E00671520 /* ad_play_p@2x.png */; };
		9773DC871CC3588F00671520 /* ad_play_p@3x.png in Resources */ = {isa = PBXBuildFile; fileRef = 9773DC6E1CC3588E00671520 /* ad_play_p@3x.png */; };
		9773DC881CC3588F00671520 /* home_titleBar_offline@2x.png in Resources */ = {isa = PBXBuildFile; fileRef = 9773DC6F1CC3588E00671520 /* home_titleBar_offline@2x.png */; };
		9773DC891CC3588F00671520 /* home_titleBar_offline@3x.png in Resources */ = {isa = PBXBuildFile; fileRef = 9773DC701CC3588E00671520 /* home_titleBar_offline@3x.png */; };
		9773DC8A1CC3588F00671520 /* lockScreen_off_f.png in Resources */ = {isa = PBXBuildFile; fileRef = 9773DC711CC3588E00671520 /* lockScreen_off_f.png */; };
		9773DC8B1CC3588F00671520 /* lockScreen_off.png in Resources */ = {isa = PBXBuildFile; fileRef = 9773DC721CC3588E00671520 /* lockScreen_off.png */; };
		9773DC8C1CC3588F00671520 /* lockScreen_on_f.png in Resources */ = {isa = PBXBuildFile; fileRef = 9773DC731CC3588E00671520 /* lockScreen_on_f.png */; };
		9773DC8D1CC3588F00671520 /* lockScreen_on.png in Resources */ = {isa = PBXBuildFile; fileRef = 9773DC741CC3588E00671520 /* lockScreen_on.png */; };
		9773DC8E1CC3588F00671520 /* mini_ic_play_down@2x.png in Resources */ = {isa = PBXBuildFile; fileRef = 9773DC751CC3588E00671520 /* mini_ic_play_down@2x.png */; };
		9773DC8F1CC3588F00671520 /* mini_ic_play_down@3x.png in Resources */ = {isa = PBXBuildFile; fileRef = 9773DC761CC3588E00671520 /* mini_ic_play_down@3x.png */; };
		9773DC901CC3588F00671520 /* mini_ic_play_on@2x.png in Resources */ = {isa = PBXBuildFile; fileRef = 9773DC771CC3588E00671520 /* mini_ic_play_on@2x.png */; };
		9773DC911CC3588F00671520 /* mini_ic_play_on@3x.png in Resources */ = {isa = PBXBuildFile; fileRef = 9773DC781CC3588E00671520 /* mini_ic_play_on@3x.png */; };
		9773DC921CC3588F00671520 /* mini_share.png in Resources */ = {isa = PBXBuildFile; fileRef = 9773DC791CC3588E00671520 /* mini_share.png */; };
		9773DC931CC3588F00671520 /* mini_share@3x.png in Resources */ = {isa = PBXBuildFile; fileRef = 9773DC7A1CC3588E00671520 /* mini_share@3x.png */; };
		9773DC941CC3588F00671520 /* player_bright_big@2x.png in Resources */ = {isa = PBXBuildFile; fileRef = 9773DC7B1CC3588E00671520 /* player_bright_big@2x.png */; };
		9773DC951CC3588F00671520 /* player_bright_big@3x.png in Resources */ = {isa = PBXBuildFile; fileRef = 9773DC7C1CC3588E00671520 /* player_bright_big@3x.png */; };
		9773DC961CC3588F00671520 /* player_bright_small@2x.png in Resources */ = {isa = PBXBuildFile; fileRef = 9773DC7D1CC3588E00671520 /* player_bright_small@2x.png */; };
		9773DC971CC3588F00671520 /* player_voice_big@2x.png in Resources */ = {isa = PBXBuildFile; fileRef = 9773DC7E1CC3588E00671520 /* player_voice_big@2x.png */; };
		9773DC981CC3588F00671520 /* player_voice_big@3x.png in Resources */ = {isa = PBXBuildFile; fileRef = 9773DC7F1CC3588F00671520 /* player_voice_big@3x.png */; };
		9773DC991CC3588F00671520 /* player_voice_small@2x.png in Resources */ = {isa = PBXBuildFile; fileRef = 9773DC801CC3588F00671520 /* player_voice_small@2x.png */; };
		9773DC9A1CC3588F00671520 /* player_voice_small@3x.png in Resources */ = {isa = PBXBuildFile; fileRef = 9773DC811CC3588F00671520 /* player_voice_small@3x.png */; };
		9773DC9D1CC37C5B00671520 /* PraiseConsole.m in Sources */ = {isa = PBXBuildFile; fileRef = 9773DC9C1CC37C5B00671520 /* PraiseConsole.m */; };
		9773DCA21CC380C700671520 /* depraise.png in Resources */ = {isa = PBXBuildFile; fileRef = 9773DC9E1CC380C700671520 /* depraise.png */; };
		9773DCA31CC380C700671520 /* offline_clarity_black_down_iphone@2x.png in Resources */ = {isa = PBXBuildFile; fileRef = 9773DC9F1CC380C700671520 /* offline_clarity_black_down_iphone@2x.png */; };
		9773DCA41CC380C700671520 /* offline_clarity_black_down_iphone@3x.png in Resources */ = {isa = PBXBuildFile; fileRef = 9773DCA01CC380C700671520 /* offline_clarity_black_down_iphone@3x.png */; };
		9773DCA51CC380C700671520 /* praise.png in Resources */ = {isa = PBXBuildFile; fileRef = 9773DCA11CC380C700671520 /* praise.png */; };
		9773DCA71CC382B000671520 /* icon.png in Resources */ = {isa = PBXBuildFile; fileRef = 9773DCA61CC382B000671520 /* icon.png */; };
		9773DCAC1CC3902300671520 /* film_01.png in Resources */ = {isa = PBXBuildFile; fileRef = 9773DCA81CC3902300671520 /* film_01.png */; };
		9773DCAD1CC3902300671520 /* film_02.png in Resources */ = {isa = PBXBuildFile; fileRef = 9773DCA91CC3902300671520 /* film_02.png */; };
		9773DCAE1CC3902300671520 /* film_03.png in Resources */ = {isa = PBXBuildFile; fileRef = 9773DCAA1CC3902300671520 /* film_03.png */; };
		9773DCAF1CC3902300671520 /* film_04.png in Resources */ = {isa = PBXBuildFile; fileRef = 9773DCAB1CC3902300671520 /* film_04.png */; };
		9773DCB21CC391E800671520 /* PlayerDetailFilmListModel.m in Sources */ = {isa = PBXBuildFile; fileRef = 9773DCB11CC391E800671520 /* PlayerDetailFilmListModel.m */; };
		978BBE931CC095AD004607C2 /* main.m in Sources */ = {isa = PBXBuildFile; fileRef = 978BBE921CC095AD004607C2 /* main.m */; };
		978BBE961CC095AD004607C2 /* AppDelegate.m in Sources */ = {isa = PBXBuildFile; fileRef = 978BBE951CC095AD004607C2 /* AppDelegate.m */; };
		978BBE991CC095AD004607C2 /* ViewController.m in Sources */ = {isa = PBXBuildFile; fileRef = 978BBE981CC095AD004607C2 /* ViewController.m */; };
		978BBE9C1CC095AD004607C2 /* Main.storyboard in Resources */ = {isa = PBXBuildFile; fileRef = 978BBE9A1CC095AD004607C2 /* Main.storyboard */; };
		978BBE9E1CC095AD004607C2 /* Assets.xcassets in Resources */ = {isa = PBXBuildFile; fileRef = 978BBE9D1CC095AD004607C2 /* Assets.xcassets */; };
		978BBEA11CC095AD004607C2 /* LaunchScreen.storyboard in Resources */ = {isa = PBXBuildFile; fileRef = 978BBE9F1CC095AD004607C2 /* LaunchScreen.storyboard */; };
		978BBEAC1CC095AD004607C2 /* iQiyiPlayerDemoTests.m in Sources */ = {isa = PBXBuildFile; fileRef = 978BBEAB1CC095AD004607C2 /* iQiyiPlayerDemoTests.m */; };
		978BBEB71CC095AD004607C2 /* iQiyiPlayerDemoUITests.m in Sources */ = {isa = PBXBuildFile; fileRef = 978BBEB61CC095AD004607C2 /* iQiyiPlayerDemoUITests.m */; };
		978BBECB1CC0B943004607C2 /* iQiyiPlayer.m in Sources */ = {isa = PBXBuildFile; fileRef = 978BBECA1CC0B943004607C2 /* iQiyiPlayer.m */; };
		978BBEE81CC0C746004607C2 /* Info.plist in Resources */ = {isa = PBXBuildFile; fileRef = 978BBECE1CC0C746004607C2 /* Info.plist */; };
		978BBEE91CC0C746004607C2 /* MASCompositeConstraint.m in Sources */ = {isa = PBXBuildFile; fileRef = 978BBED01CC0C746004607C2 /* MASCompositeConstraint.m */; };
		978BBEEA1CC0C746004607C2 /* MASConstraint.m in Sources */ = {isa = PBXBuildFile; fileRef = 978BBED31CC0C746004607C2 /* MASConstraint.m */; };
		978BBEEB1CC0C746004607C2 /* MASConstraintMaker.m in Sources */ = {isa = PBXBuildFile; fileRef = 978BBED51CC0C746004607C2 /* MASConstraintMaker.m */; };
		978BBEEC1CC0C746004607C2 /* MASLayoutConstraint.m in Sources */ = {isa = PBXBuildFile; fileRef = 978BBED71CC0C746004607C2 /* MASLayoutConstraint.m */; };
		978BBEED1CC0C746004607C2 /* MASViewAttribute.m in Sources */ = {isa = PBXBuildFile; fileRef = 978BBEDB1CC0C746004607C2 /* MASViewAttribute.m */; };
		978BBEEE1CC0C746004607C2 /* MASViewConstraint.m in Sources */ = {isa = PBXBuildFile; fileRef = 978BBEDD1CC0C746004607C2 /* MASViewConstraint.m */; };
		978BBEEF1CC0C746004607C2 /* NSArray+MASAdditions.m in Sources */ = {isa = PBXBuildFile; fileRef = 978BBEDF1CC0C746004607C2 /* NSArray+MASAdditions.m */; };
		978BBEF01CC0C746004607C2 /* NSLayoutConstraint+MASDebugAdditions.m in Sources */ = {isa = PBXBuildFile; fileRef = 978BBEE21CC0C746004607C2 /* NSLayoutConstraint+MASDebugAdditions.m */; };
		978BBEF11CC0C746004607C2 /* View+MASAdditions.m in Sources */ = {isa = PBXBuildFile; fileRef = 978BBEE41CC0C746004607C2 /* View+MASAdditions.m */; };
		978BBEF21CC0C746004607C2 /* ViewController+MASAdditions.m in Sources */ = {isa = PBXBuildFile; fileRef = 978BBEE71CC0C746004607C2 /* ViewController+MASAdditions.m */; };
		978BBEF71CC0D9CD004607C2 /* common_actionbar_back1@2x.png in Resources */ = {isa = PBXBuildFile; fileRef = 978BBEF51CC0D9CD004607C2 /* common_actionbar_back1@2x.png */; };
		978BBEF81CC0D9CD004607C2 /* common_actionbar_back1@3x.png in Resources */ = {isa = PBXBuildFile; fileRef = 978BBEF61CC0D9CD004607C2 /* common_actionbar_back1@3x.png */; };
		97BC21D31CC104A800AEB38A /* WilsonConst.m in Sources */ = {isa = PBXBuildFile; fileRef = 97BC21D21CC104A800AEB38A /* WilsonConst.m */; };
/* End PBXBuildFile section */

/* Begin PBXContainerItemProxy section */
		978BBEA81CC095AD004607C2 /* PBXContainerItemProxy */ = {
			isa = PBXContainerItemProxy;
			containerPortal = 978BBE861CC095AD004607C2 /* Project object */;
			proxyType = 1;
			remoteGlobalIDString = 978BBE8D1CC095AD004607C2;
			remoteInfo = iQiyiPlayerDemo;
		};
		978BBEB31CC095AD004607C2 /* PBXContainerItemProxy */ = {
			isa = PBXContainerItemProxy;
			containerPortal = 978BBE861CC095AD004607C2 /* Project object */;
			proxyType = 1;
			remoteGlobalIDString = 978BBE8D1CC095AD004607C2;
			remoteInfo = iQiyiPlayerDemo;
		};
/* End PBXContainerItemProxy section */

/* Begin PBXFileReference section */
		975675FD1CC7233D0046BFAE /* PlayerSubviewsConsole.h */ = {isa = PBXFileReference; fileEncoding = 4; lastKnownFileType = sourcecode.c.h; path = PlayerSubviewsConsole.h; sourceTree = "<group>"; };
		975675FE1CC7233D0046BFAE /* PlayerSubviewsConsole.m */ = {isa = PBXFileReference; fileEncoding = 4; lastKnownFileType = sourcecode.c.objc; path = PlayerSubviewsConsole.m; sourceTree = "<group>"; };
		9767C36E1CC6301500E79EFF /* kHelp.h */ = {isa = PBXFileReference; fileEncoding = 4; lastKnownFileType = sourcecode.c.h; path = kHelp.h; sourceTree = "<group>"; };
		9767C36F1CC6301500E79EFF /* kHelp.m */ = {isa = PBXFileReference; fileEncoding = 4; lastKnownFileType = sourcecode.c.objc; path = kHelp.m; sourceTree = "<group>"; };
		9767C3711CC634B900E79EFF /* comment_reply_p@2x.png */ = {isa = PBXFileReference; lastKnownFileType = image.png; path = "comment_reply_p@2x.png"; sourceTree = "<group>"; };
		9767C3721CC634B900E79EFF /* comment_reply_p@3x.png */ = {isa = PBXFileReference; lastKnownFileType = image.png; path = "comment_reply_p@3x.png"; sourceTree = "<group>"; };
		9767C3751CC634E500E79EFF /* comment_like_p@2x.png */ = {isa = PBXFileReference; lastKnownFileType = image.png; path = "comment_like_p@2x.png"; sourceTree = "<group>"; };
		9767C3761CC634E500E79EFF /* comment_like_p@3x.png */ = {isa = PBXFileReference; lastKnownFileType = image.png; path = "comment_like_p@3x.png"; sourceTree = "<group>"; };
		9767C3771CC634E500E79EFF /* comment_unlike_p@2x.png */ = {isa = PBXFileReference; lastKnownFileType = image.png; path = "comment_unlike_p@2x.png"; sourceTree = "<group>"; };
		9767C3781CC634E500E79EFF /* comment_unlike_p@3x.png */ = {isa = PBXFileReference; lastKnownFileType = image.png; path = "comment_unlike_p@3x.png"; sourceTree = "<group>"; };
		9767C37D1CC63FF800E79EFF /* usericon_01.png */ = {isa = PBXFileReference; lastKnownFileType = image.png; path = usericon_01.png; sourceTree = "<group>"; };
		9767C37E1CC63FF800E79EFF /* usericon_02.png */ = {isa = PBXFileReference; lastKnownFileType = image.png; path = usericon_02.png; sourceTree = "<group>"; };
		9767C37F1CC63FF800E79EFF /* usericon_03.png */ = {isa = PBXFileReference; lastKnownFileType = image.png; path = usericon_03.png; sourceTree = "<group>"; };
		9767C3801CC63FF800E79EFF /* usericon_04.png */ = {isa = PBXFileReference; lastKnownFileType = image.png; path = usericon_04.png; sourceTree = "<group>"; };
		9767C3811CC63FF800E79EFF /* usericon_05.png */ = {isa = PBXFileReference; lastKnownFileType = image.png; path = usericon_05.png; sourceTree = "<group>"; };
		9767C3821CC63FF800E79EFF /* usericon_06.png */ = {isa = PBXFileReference; lastKnownFileType = image.png; path = usericon_06.png; sourceTree = "<group>"; };
		9767C3831CC63FF800E79EFF /* usericon_07.png */ = {isa = PBXFileReference; lastKnownFileType = image.png; path = usericon_07.png; sourceTree = "<group>"; };
		9767C3841CC63FF800E79EFF /* usericon_08.png */ = {isa = PBXFileReference; lastKnownFileType = image.png; path = usericon_08.png; sourceTree = "<group>"; };
		9767C3851CC63FF800E79EFF /* usericon_09.png */ = {isa = PBXFileReference; lastKnownFileType = image.png; path = usericon_09.png; sourceTree = "<group>"; };
		9767C3861CC63FF800E79EFF /* usericon_10.png */ = {isa = PBXFileReference; lastKnownFileType = image.png; path = usericon_10.png; sourceTree = "<group>"; };
		9767C3871CC63FF800E79EFF /* usericon_11.png */ = {isa = PBXFileReference; lastKnownFileType = image.png; path = usericon_11.png; sourceTree = "<group>"; };
		9767C3881CC63FF800E79EFF /* usericon_12.png */ = {isa = PBXFileReference; lastKnownFileType = image.png; path = usericon_12.png; sourceTree = "<group>"; };
		9767C3891CC63FF800E79EFF /* usericon_13.png */ = {isa = PBXFileReference; lastKnownFileType = image.png; path = usericon_13.png; sourceTree = "<group>"; };
		9767C38A1CC63FF800E79EFF /* usericon_14.png */ = {isa = PBXFileReference; lastKnownFileType = image.png; path = usericon_14.png; sourceTree = "<group>"; };
		9767C38B1CC63FF800E79EFF /* usericon_15.png */ = {isa = PBXFileReference; lastKnownFileType = image.png; path = usericon_15.png; sourceTree = "<group>"; };
		9767C38C1CC63FF800E79EFF /* usericon_16.png */ = {isa = PBXFileReference; lastKnownFileType = image.png; path = usericon_16.png; sourceTree = "<group>"; };
		9767C38D1CC63FF800E79EFF /* usericon_17.png */ = {isa = PBXFileReference; lastKnownFileType = image.png; path = usericon_17.png; sourceTree = "<group>"; };
		9767C38E1CC63FF800E79EFF /* usericon_18.png */ = {isa = PBXFileReference; lastKnownFileType = image.png; path = usericon_18.png; sourceTree = "<group>"; };
		9767C38F1CC63FF800E79EFF /* usericon_19.png */ = {isa = PBXFileReference; lastKnownFileType = image.png; path = usericon_19.png; sourceTree = "<group>"; };
		9767C3901CC63FF800E79EFF /* usericon_20.png */ = {isa = PBXFileReference; lastKnownFileType = image.png; path = usericon_20.png; sourceTree = "<group>"; };
		9767C3911CC63FF800E79EFF /* usericon_21.png */ = {isa = PBXFileReference; lastKnownFileType = image.png; path = usericon_21.png; sourceTree = "<group>"; };
		9767C3921CC63FF800E79EFF /* usericon_22.png */ = {isa = PBXFileReference; lastKnownFileType = image.png; path = usericon_22.png; sourceTree = "<group>"; };
		9767C3931CC63FF800E79EFF /* usericon_23.png */ = {isa = PBXFileReference; lastKnownFileType = image.png; path = usericon_23.png; sourceTree = "<group>"; };
		9767C3941CC63FF800E79EFF /* usericon_24.png */ = {isa = PBXFileReference; lastKnownFileType = image.png; path = usericon_24.png; sourceTree = "<group>"; };
		9767C3951CC63FF800E79EFF /* usericon_25.png */ = {isa = PBXFileReference; lastKnownFileType = image.png; path = usericon_25.png; sourceTree = "<group>"; };
		9767C3961CC63FF800E79EFF /* usericon_26.png */ = {isa = PBXFileReference; lastKnownFileType = image.png; path = usericon_26.png; sourceTree = "<group>"; };
		9767C3971CC63FF800E79EFF /* usericon_27.png */ = {isa = PBXFileReference; lastKnownFileType = image.png; path = usericon_27.png; sourceTree = "<group>"; };
		9767C3981CC63FF800E79EFF /* usericon_28.png */ = {isa = PBXFileReference; lastKnownFileType = image.png; path = usericon_28.png; sourceTree = "<group>"; };
		9767C3991CC63FF800E79EFF /* usericon_29.png */ = {isa = PBXFileReference; lastKnownFileType = image.png; path = usericon_29.png; sourceTree = "<group>"; };
		9767C39A1CC63FF800E79EFF /* usericon_30.png */ = {isa = PBXFileReference; lastKnownFileType = image.png; path = usericon_30.png; sourceTree = "<group>"; };
		9767C39B1CC63FF800E79EFF /* usericon_31.png */ = {isa = PBXFileReference; lastKnownFileType = image.png; path = usericon_31.png; sourceTree = "<group>"; };
		9767C39C1CC63FF800E79EFF /* usericon_32.png */ = {isa = PBXFileReference; lastKnownFileType = image.png; path = usericon_32.png; sourceTree = "<group>"; };
		9767C39D1CC63FF800E79EFF /* usericon_33.png */ = {isa = PBXFileReference; lastKnownFileType = image.png; path = usericon_33.png; sourceTree = "<group>"; };
		9767C39E1CC63FF800E79EFF /* usericon_34.png */ = {isa = PBXFileReference; lastKnownFileType = image.png; path = usericon_34.png; sourceTree = "<group>"; };
		9767C39F1CC63FF800E79EFF /* usericon_36.png */ = {isa = PBXFileReference; lastKnownFileType = image.png; path = usericon_36.png; sourceTree = "<group>"; };
		9767C3A01CC63FF800E79EFF /* usericon_37.png */ = {isa = PBXFileReference; lastKnownFileType = image.png; path = usericon_37.png; sourceTree = "<group>"; };
		9767C3A11CC63FF800E79EFF /* usericon_38.png */ = {isa = PBXFileReference; lastKnownFileType = image.png; path = usericon_38.png; sourceTree = "<group>"; };
		9767C3A21CC63FF800E79EFF /* usericon_39.png */ = {isa = PBXFileReference; lastKnownFileType = image.png; path = usericon_39.png; sourceTree = "<group>"; };
		9767C3A31CC63FF800E79EFF /* usericon_40.png */ = {isa = PBXFileReference; lastKnownFileType = image.png; path = usericon_40.png; sourceTree = "<group>"; };
		9767C3A41CC63FF800E79EFF /* usericon_41.png */ = {isa = PBXFileReference; lastKnownFileType = image.png; path = usericon_41.png; sourceTree = "<group>"; };
		9767C3A51CC63FF800E79EFF /* usericon_42.png */ = {isa = PBXFileReference; lastKnownFileType = image.png; path = usericon_42.png; sourceTree = "<group>"; };
		9767C3A61CC63FF800E79EFF /* usericon_43.png */ = {isa = PBXFileReference; lastKnownFileType = image.png; path = usericon_43.png; sourceTree = "<group>"; };
		9767C3A71CC63FF800E79EFF /* usericon_44.png */ = {isa = PBXFileReference; lastKnownFileType = image.png; path = usericon_44.png; sourceTree = "<group>"; };
		9767C3A81CC63FF800E79EFF /* usericon_45.png */ = {isa = PBXFileReference; lastKnownFileType = image.png; path = usericon_45.png; sourceTree = "<group>"; };
		9767C3A91CC63FF800E79EFF /* usericon_46.png */ = {isa = PBXFileReference; lastKnownFileType = image.png; path = usericon_46.png; sourceTree = "<group>"; };
		9767C3AA1CC63FF800E79EFF /* usericon_47.png */ = {isa = PBXFileReference; lastKnownFileType = image.png; path = usericon_47.png; sourceTree = "<group>"; };
		9767C3AB1CC63FF800E79EFF /* usericon_48.png */ = {isa = PBXFileReference; lastKnownFileType = image.png; path = usericon_48.png; sourceTree = "<group>"; };
		9767C3AC1CC63FF800E79EFF /* usericon_49.png */ = {isa = PBXFileReference; lastKnownFileType = image.png; path = usericon_49.png; sourceTree = "<group>"; };
		9767C3AD1CC63FF800E79EFF /* usericon_50.png */ = {isa = PBXFileReference; lastKnownFileType = image.png; path = usericon_50.png; sourceTree = "<group>"; };
		9767C3AE1CC63FF800E79EFF /* usericon_51.png */ = {isa = PBXFileReference; lastKnownFileType = image.png; path = usericon_51.png; sourceTree = "<group>"; };
		976C54C21CC4866C00CD076A /* film_05.png */ = {isa = PBXFileReference; lastKnownFileType = image.png; path = film_05.png; sourceTree = "<group>"; };
		976C54C31CC4866C00CD076A /* film_06.png */ = {isa = PBXFileReference; lastKnownFileType = image.png; path = film_06.png; sourceTree = "<group>"; };
		976C54C41CC4866C00CD076A /* film_07.png */ = {isa = PBXFileReference; lastKnownFileType = image.png; path = film_07.png; sourceTree = "<group>"; };
		976C54C51CC4866C00CD076A /* film_08.png */ = {isa = PBXFileReference; lastKnownFileType = image.png; path = film_08.png; sourceTree = "<group>"; };
		976C54C61CC4866C00CD076A /* film_09.png */ = {isa = PBXFileReference; lastKnownFileType = image.png; path = film_09.png; sourceTree = "<group>"; };
		976C54CD1CC48CBF00CD076A /* iqiyi_filmslist.plist */ = {isa = PBXFileReference; fileEncoding = 4; lastKnownFileType = text.plist.xml; path = iqiyi_filmslist.plist; sourceTree = "<group>"; };
		976C54CF1CC48D6F00CD076A /* BaseModel.h */ = {isa = PBXFileReference; fileEncoding = 4; lastKnownFileType = sourcecode.c.h; path = BaseModel.h; sourceTree = "<group>"; };
		976C54D01CC48D6F00CD076A /* BaseModel.m */ = {isa = PBXFileReference; fileEncoding = 4; lastKnownFileType = sourcecode.c.objc; path = BaseModel.m; sourceTree = "<group>"; };
		976C54D21CC4AA7A00CD076A /* FithSectionCell.h */ = {isa = PBXFileReference; fileEncoding = 4; lastKnownFileType = sourcecode.c.h; path = FithSectionCell.h; sourceTree = "<group>"; };
		976C54D31CC4AA7A00CD076A /* FithSectionCell.m */ = {isa = PBXFileReference; fileEncoding = 4; lastKnownFileType = sourcecode.c.objc; path = FithSectionCell.m; sourceTree = "<group>"; };
		976C54D51CC4C42300CD076A /* icon2.png */ = {isa = PBXFileReference; lastKnownFileType = image.png; path = icon2.png; sourceTree = "<group>"; };
		976C54D71CC4C96D00CD076A /* CommentCell.h */ = {isa = PBXFileReference; fileEncoding = 4; lastKnownFileType = sourcecode.c.h; path = CommentCell.h; sourceTree = "<group>"; };
		976C54D81CC4C96D00CD076A /* CommentCell.m */ = {isa = PBXFileReference; fileEncoding = 4; lastKnownFileType = sourcecode.c.objc; path = CommentCell.m; sourceTree = "<group>"; };
		976C54DD1CC4CA7100CD076A /* ReplyListTableView.h */ = {isa = PBXFileReference; fileEncoding = 4; lastKnownFileType = sourcecode.c.h; path = ReplyListTableView.h; sourceTree = "<group>"; };
		976C54DE1CC4CA7100CD076A /* ReplyListTableView.m */ = {isa = PBXFileReference; fileEncoding = 4; lastKnownFileType = sourcecode.c.objc; path = ReplyListTableView.m; sourceTree = "<group>"; };
		976C54E01CC4CC1200CD076A /* CommentModel.h */ = {isa = PBXFileReference; fileEncoding = 4; lastKnownFileType = sourcecode.c.h; path = CommentModel.h; sourceTree = "<group>"; };
		976C54E11CC4CC1200CD076A /* CommentModel.m */ = {isa = PBXFileReference; fileEncoding = 4; lastKnownFileType = sourcecode.c.objc; path = CommentModel.m; sourceTree = "<group>"; };
		976C54E31CC4CC2900CD076A /* CommentLayoutObject.h */ = {isa = PBXFileReference; fileEncoding = 4; lastKnownFileType = sourcecode.c.h; path = CommentLayoutObject.h; sourceTree = "<group>"; };
		976C54E41CC4CC2900CD076A /* CommentLayoutObject.m */ = {isa = PBXFileReference; fileEncoding = 4; lastKnownFileType = sourcecode.c.objc; path = CommentLayoutObject.m; sourceTree = "<group>"; };
		976C54E71CC4DED200CD076A /* ReplyListModel.h */ = {isa = PBXFileReference; fileEncoding = 4; lastKnownFileType = sourcecode.c.h; path = ReplyListModel.h; sourceTree = "<group>"; };
		976C54E81CC4DED200CD076A /* ReplyListModel.m */ = {isa = PBXFileReference; fileEncoding = 4; lastKnownFileType = sourcecode.c.objc; path = ReplyListModel.m; sourceTree = "<group>"; };
		9773DC551CC3534900671520 /* PlayerDetailController.h */ = {isa = PBXFileReference; fileEncoding = 4; lastKnownFileType = sourcecode.c.h; path = PlayerDetailController.h; sourceTree = "<group>"; };
		9773DC561CC3534900671520 /* PlayerDetailController.m */ = {isa = PBXFileReference; fileEncoding = 4; lastKnownFileType = sourcecode.c.objc; path = PlayerDetailController.m; sourceTree = "<group>"; };
		9773DC581CC3534900671520 /* iQiyiDataSource.h */ = {isa = PBXFileReference; fileEncoding = 4; lastKnownFileType = sourcecode.c.h; path = iQiyiDataSource.h; sourceTree = "<group>"; };
		9773DC591CC3534900671520 /* iQiyiDataSource.m */ = {isa = PBXFileReference; fileEncoding = 4; lastKnownFileType = sourcecode.c.objc; path = iQiyiDataSource.m; sourceTree = "<group>"; };
		9773DC5B1CC3534900671520 /* PlayerDetailCell.h */ = {isa = PBXFileReference; fileEncoding = 4; lastKnownFileType = sourcecode.c.h; path = PlayerDetailCell.h; sourceTree = "<group>"; };
		9773DC5C1CC3534900671520 /* PlayerDetailCell.m */ = {isa = PBXFileReference; fileEncoding = 4; lastKnownFileType = sourcecode.c.objc; path = PlayerDetailCell.m; sourceTree = "<group>"; };
		9773DC601CC3536600671520 /* FirstSectionCell.h */ = {isa = PBXFileReference; fileEncoding = 4; lastKnownFileType = sourcecode.c.h; path = FirstSectionCell.h; sourceTree = "<group>"; };
		9773DC611CC3536600671520 /* FirstSectionCell.m */ = {isa = PBXFileReference; fileEncoding = 4; lastKnownFileType = sourcecode.c.objc; path = FirstSectionCell.m; sourceTree = "<group>"; };
		9773DC631CC3537200671520 /* SecondSectionCell.h */ = {isa = PBXFileReference; fileEncoding = 4; lastKnownFileType = sourcecode.c.h; path = SecondSectionCell.h; sourceTree = "<group>"; };
		9773DC641CC3537200671520 /* SecondSectionCell.m */ = {isa = PBXFileReference; fileEncoding = 4; lastKnownFileType = sourcecode.c.objc; path = SecondSectionCell.m; sourceTree = "<group>"; };
		9773DC661CC3537D00671520 /* ThirdSectionCell.h */ = {isa = PBXFileReference; fileEncoding = 4; lastKnownFileType = sourcecode.c.h; path = ThirdSectionCell.h; sourceTree = "<group>"; };
		9773DC671CC3537D00671520 /* ThirdSectionCell.m */ = {isa = PBXFileReference; fileEncoding = 4; lastKnownFileType = sourcecode.c.objc; path = ThirdSectionCell.m; sourceTree = "<group>"; };
		9773DC691CC3588E00671520 /* ad_pause_p.png */ = {isa = PBXFileReference; lastKnownFileType = image.png; path = ad_pause_p.png; sourceTree = "<group>"; };
		9773DC6A1CC3588E00671520 /* ad_pause_p@2x.png */ = {isa = PBXFileReference; lastKnownFileType = image.png; path = "ad_pause_p@2x.png"; sourceTree = "<group>"; };
		9773DC6B1CC3588E00671520 /* ad_pause_p@3x.png */ = {isa = PBXFileReference; lastKnownFileType = image.png; path = "ad_pause_p@3x.png"; sourceTree = "<group>"; };
		9773DC6C1CC3588E00671520 /* ad_play_p.png */ = {isa = PBXFileReference; lastKnownFileType = image.png; path = ad_play_p.png; sourceTree = "<group>"; };
		9773DC6D1CC3588E00671520 /* ad_play_p@2x.png */ = {isa = PBXFileReference; lastKnownFileType = image.png; path = "ad_play_p@2x.png"; sourceTree = "<group>"; };
		9773DC6E1CC3588E00671520 /* ad_play_p@3x.png */ = {isa = PBXFileReference; lastKnownFileType = image.png; path = "ad_play_p@3x.png"; sourceTree = "<group>"; };
		9773DC6F1CC3588E00671520 /* home_titleBar_offline@2x.png */ = {isa = PBXFileReference; lastKnownFileType = image.png; path = "home_titleBar_offline@2x.png"; sourceTree = "<group>"; };
		9773DC701CC3588E00671520 /* home_titleBar_offline@3x.png */ = {isa = PBXFileReference; lastKnownFileType = image.png; path = "home_titleBar_offline@3x.png"; sourceTree = "<group>"; };
		9773DC711CC3588E00671520 /* lockScreen_off_f.png */ = {isa = PBXFileReference; lastKnownFileType = image.png; path = lockScreen_off_f.png; sourceTree = "<group>"; };
		9773DC721CC3588E00671520 /* lockScreen_off.png */ = {isa = PBXFileReference; lastKnownFileType = image.png; path = lockScreen_off.png; sourceTree = "<group>"; };
		9773DC731CC3588E00671520 /* lockScreen_on_f.png */ = {isa = PBXFileReference; lastKnownFileType = image.png; path = lockScreen_on_f.png; sourceTree = "<group>"; };
		9773DC741CC3588E00671520 /* lockScreen_on.png */ = {isa = PBXFileReference; lastKnownFileType = image.png; path = lockScreen_on.png; sourceTree = "<group>"; };
		9773DC751CC3588E00671520 /* mini_ic_play_down@2x.png */ = {isa = PBXFileReference; lastKnownFileType = image.png; path = "mini_ic_play_down@2x.png"; sourceTree = "<group>"; };
		9773DC761CC3588E00671520 /* mini_ic_play_down@3x.png */ = {isa = PBXFileReference; lastKnownFileType = image.png; path = "mini_ic_play_down@3x.png"; sourceTree = "<group>"; };
		9773DC771CC3588E00671520 /* mini_ic_play_on@2x.png */ = {isa = PBXFileReference; lastKnownFileType = image.png; path = "mini_ic_play_on@2x.png"; sourceTree = "<group>"; };
		9773DC781CC3588E00671520 /* mini_ic_play_on@3x.png */ = {isa = PBXFileReference; lastKnownFileType = image.png; path = "mini_ic_play_on@3x.png"; sourceTree = "<group>"; };
		9773DC791CC3588E00671520 /* mini_share.png */ = {isa = PBXFileReference; lastKnownFileType = image.png; path = mini_share.png; sourceTree = "<group>"; };
		9773DC7A1CC3588E00671520 /* mini_share@3x.png */ = {isa = PBXFileReference; lastKnownFileType = image.png; path = "mini_share@3x.png"; sourceTree = "<group>"; };
		9773DC7B1CC3588E00671520 /* player_bright_big@2x.png */ = {isa = PBXFileReference; lastKnownFileType = image.png; path = "player_bright_big@2x.png"; sourceTree = "<group>"; };
		9773DC7C1CC3588E00671520 /* player_bright_big@3x.png */ = {isa = PBXFileReference; lastKnownFileType = image.png; path = "player_bright_big@3x.png"; sourceTree = "<group>"; };
		9773DC7D1CC3588E00671520 /* player_bright_small@2x.png */ = {isa = PBXFileReference; lastKnownFileType = image.png; path = "player_bright_small@2x.png"; sourceTree = "<group>"; };
		9773DC7E1CC3588E00671520 /* player_voice_big@2x.png */ = {isa = PBXFileReference; lastKnownFileType = image.png; path = "player_voice_big@2x.png"; sourceTree = "<group>"; };
		9773DC7F1CC3588F00671520 /* player_voice_big@3x.png */ = {isa = PBXFileReference; lastKnownFileType = image.png; path = "player_voice_big@3x.png"; sourceTree = "<group>"; };
		9773DC801CC3588F00671520 /* player_voice_small@2x.png */ = {isa = PBXFileReference; lastKnownFileType = image.png; path = "player_voice_small@2x.png"; sourceTree = "<group>"; };
		9773DC811CC3588F00671520 /* player_voice_small@3x.png */ = {isa = PBXFileReference; lastKnownFileType = image.png; path = "player_voice_small@3x.png"; sourceTree = "<group>"; };
		9773DC9B1CC37C5B00671520 /* PraiseConsole.h */ = {isa = PBXFileReference; fileEncoding = 4; lastKnownFileType = sourcecode.c.h; path = PraiseConsole.h; sourceTree = "<group>"; };
		9773DC9C1CC37C5B00671520 /* PraiseConsole.m */ = {isa = PBXFileReference; fileEncoding = 4; lastKnownFileType = sourcecode.c.objc; path = PraiseConsole.m; sourceTree = "<group>"; };
		9773DC9E1CC380C700671520 /* depraise.png */ = {isa = PBXFileReference; lastKnownFileType = image.png; path = depraise.png; sourceTree = "<group>"; };
		9773DC9F1CC380C700671520 /* offline_clarity_black_down_iphone@2x.png */ = {isa = PBXFileReference; lastKnownFileType = image.png; path = "offline_clarity_black_down_iphone@2x.png"; sourceTree = "<group>"; };
		9773DCA01CC380C700671520 /* offline_clarity_black_down_iphone@3x.png */ = {isa = PBXFileReference; lastKnownFileType = image.png; path = "offline_clarity_black_down_iphone@3x.png"; sourceTree = "<group>"; };
		9773DCA11CC380C700671520 /* praise.png */ = {isa = PBXFileReference; lastKnownFileType = image.png; path = praise.png; sourceTree = "<group>"; };
		9773DCA61CC382B000671520 /* icon.png */ = {isa = PBXFileReference; lastKnownFileType = image.png; path = icon.png; sourceTree = "<group>"; };
		9773DCA81CC3902300671520 /* film_01.png */ = {isa = PBXFileReference; lastKnownFileType = image.png; path = film_01.png; sourceTree = "<group>"; };
		9773DCA91CC3902300671520 /* film_02.png */ = {isa = PBXFileReference; lastKnownFileType = image.png; path = film_02.png; sourceTree = "<group>"; };
		9773DCAA1CC3902300671520 /* film_03.png */ = {isa = PBXFileReference; lastKnownFileType = image.png; path = film_03.png; sourceTree = "<group>"; };
		9773DCAB1CC3902300671520 /* film_04.png */ = {isa = PBXFileReference; lastKnownFileType = image.png; path = film_04.png; sourceTree = "<group>"; };
		9773DCB01CC391E800671520 /* PlayerDetailFilmListModel.h */ = {isa = PBXFileReference; fileEncoding = 4; lastKnownFileType = sourcecode.c.h; path = PlayerDetailFilmListModel.h; sourceTree = "<group>"; };
		9773DCB11CC391E800671520 /* PlayerDetailFilmListModel.m */ = {isa = PBXFileReference; fileEncoding = 4; lastKnownFileType = sourcecode.c.objc; path = PlayerDetailFilmListModel.m; sourceTree = "<group>"; };
		978BBE8E1CC095AD004607C2 /* iQiyiPlayerDemo.app */ = {isa = PBXFileReference; explicitFileType = wrapper.application; includeInIndex = 0; path = iQiyiPlayerDemo.app; sourceTree = BUILT_PRODUCTS_DIR; };
		978BBE921CC095AD004607C2 /* main.m */ = {isa = PBXFileReference; lastKnownFileType = sourcecode.c.objc; path = main.m; sourceTree = "<group>"; };
		978BBE941CC095AD004607C2 /* AppDelegate.h */ = {isa = PBXFileReference; lastKnownFileType = sourcecode.c.h; path = AppDelegate.h; sourceTree = "<group>"; };
		978BBE951CC095AD004607C2 /* AppDelegate.m */ = {isa = PBXFileReference; lastKnownFileType = sourcecode.c.objc; path = AppDelegate.m; sourceTree = "<group>"; };
		978BBE971CC095AD004607C2 /* ViewController.h */ = {isa = PBXFileReference; lastKnownFileType = sourcecode.c.h; path = ViewController.h; sourceTree = "<group>"; };
		978BBE981CC095AD004607C2 /* ViewController.m */ = {isa = PBXFileReference; lastKnownFileType = sourcecode.c.objc; path = ViewController.m; sourceTree = "<group>"; };
		978BBE9B1CC095AD004607C2 /* Base */ = {isa = PBXFileReference; lastKnownFileType = file.storyboard; name = Base; path = Base.lproj/Main.storyboard; sourceTree = "<group>"; };
		978BBE9D1CC095AD004607C2 /* Assets.xcassets */ = {isa = PBXFileReference; lastKnownFileType = folder.assetcatalog; path = Assets.xcassets; sourceTree = "<group>"; };
		978BBEA01CC095AD004607C2 /* Base */ = {isa = PBXFileReference; lastKnownFileType = file.storyboard; name = Base; path = Base.lproj/LaunchScreen.storyboard; sourceTree = "<group>"; };
		978BBEA21CC095AD004607C2 /* Info.plist */ = {isa = PBXFileReference; lastKnownFileType = text.plist.xml; path = Info.plist; sourceTree = "<group>"; };
		978BBEA71CC095AD004607C2 /* iQiyiPlayerDemoTests.xctest */ = {isa = PBXFileReference; explicitFileType = wrapper.cfbundle; includeInIndex = 0; path = iQiyiPlayerDemoTests.xctest; sourceTree = BUILT_PRODUCTS_DIR; };
		978BBEAB1CC095AD004607C2 /* iQiyiPlayerDemoTests.m */ = {isa = PBXFileReference; lastKnownFileType = sourcecode.c.objc; path = iQiyiPlayerDemoTests.m; sourceTree = "<group>"; };
		978BBEAD1CC095AD004607C2 /* Info.plist */ = {isa = PBXFileReference; lastKnownFileType = text.plist.xml; path = Info.plist; sourceTree = "<group>"; };
		978BBEB21CC095AD004607C2 /* iQiyiPlayerDemoUITests.xctest */ = {isa = PBXFileReference; explicitFileType = wrapper.cfbundle; includeInIndex = 0; path = iQiyiPlayerDemoUITests.xctest; sourceTree = BUILT_PRODUCTS_DIR; };
		978BBEB61CC095AD004607C2 /* iQiyiPlayerDemoUITests.m */ = {isa = PBXFileReference; lastKnownFileType = sourcecode.c.objc; path = iQiyiPlayerDemoUITests.m; sourceTree = "<group>"; };
		978BBEB81CC095AD004607C2 /* Info.plist */ = {isa = PBXFileReference; lastKnownFileType = text.plist.xml; path = Info.plist; sourceTree = "<group>"; };
		978BBEC91CC0B943004607C2 /* iQiyiPlayer.h */ = {isa = PBXFileReference; fileEncoding = 4; lastKnownFileType = sourcecode.c.h; path = iQiyiPlayer.h; sourceTree = "<group>"; };
		978BBECA1CC0B943004607C2 /* iQiyiPlayer.m */ = {isa = PBXFileReference; fileEncoding = 4; lastKnownFileType = sourcecode.c.objc; path = iQiyiPlayer.m; sourceTree = "<group>"; };
		978BBECE1CC0C746004607C2 /* Info.plist */ = {isa = PBXFileReference; fileEncoding = 4; lastKnownFileType = text.plist.xml; path = Info.plist; sourceTree = "<group>"; };
		978BBECF1CC0C746004607C2 /* MASCompositeConstraint.h */ = {isa = PBXFileReference; fileEncoding = 4; lastKnownFileType = sourcecode.c.h; path = MASCompositeConstraint.h; sourceTree = "<group>"; };
		978BBED01CC0C746004607C2 /* MASCompositeConstraint.m */ = {isa = PBXFileReference; fileEncoding = 4; lastKnownFileType = sourcecode.c.objc; path = MASCompositeConstraint.m; sourceTree = "<group>"; };
		978BBED11CC0C746004607C2 /* MASConstraint+Private.h */ = {isa = PBXFileReference; fileEncoding = 4; lastKnownFileType = sourcecode.c.h; path = "MASConstraint+Private.h"; sourceTree = "<group>"; };
		978BBED21CC0C746004607C2 /* MASConstraint.h */ = {isa = PBXFileReference; fileEncoding = 4; lastKnownFileType = sourcecode.c.h; path = MASConstraint.h; sourceTree = "<group>"; };
		978BBED31CC0C746004607C2 /* MASConstraint.m */ = {isa = PBXFileReference; fileEncoding = 4; lastKnownFileType = sourcecode.c.objc; path = MASConstraint.m; sourceTree = "<group>"; };
		978BBED41CC0C746004607C2 /* MASConstraintMaker.h */ = {isa = PBXFileReference; fileEncoding = 4; lastKnownFileType = sourcecode.c.h; path = MASConstraintMaker.h; sourceTree = "<group>"; };
		978BBED51CC0C746004607C2 /* MASConstraintMaker.m */ = {isa = PBXFileReference; fileEncoding = 4; lastKnownFileType = sourcecode.c.objc; path = MASConstraintMaker.m; sourceTree = "<group>"; };
		978BBED61CC0C746004607C2 /* MASLayoutConstraint.h */ = {isa = PBXFileReference; fileEncoding = 4; lastKnownFileType = sourcecode.c.h; path = MASLayoutConstraint.h; sourceTree = "<group>"; };
		978BBED71CC0C746004607C2 /* MASLayoutConstraint.m */ = {isa = PBXFileReference; fileEncoding = 4; lastKnownFileType = sourcecode.c.objc; path = MASLayoutConstraint.m; sourceTree = "<group>"; };
		978BBED81CC0C746004607C2 /* Masonry.h */ = {isa = PBXFileReference; fileEncoding = 4; lastKnownFileType = sourcecode.c.h; path = Masonry.h; sourceTree = "<group>"; };
		978BBED91CC0C746004607C2 /* MASUtilities.h */ = {isa = PBXFileReference; fileEncoding = 4; lastKnownFileType = sourcecode.c.h; path = MASUtilities.h; sourceTree = "<group>"; };
		978BBEDA1CC0C746004607C2 /* MASViewAttribute.h */ = {isa = PBXFileReference; fileEncoding = 4; lastKnownFileType = sourcecode.c.h; path = MASViewAttribute.h; sourceTree = "<group>"; };
		978BBEDB1CC0C746004607C2 /* MASViewAttribute.m */ = {isa = PBXFileReference; fileEncoding = 4; lastKnownFileType = sourcecode.c.objc; path = MASViewAttribute.m; sourceTree = "<group>"; };
		978BBEDC1CC0C746004607C2 /* MASViewConstraint.h */ = {isa = PBXFileReference; fileEncoding = 4; lastKnownFileType = sourcecode.c.h; path = MASViewConstraint.h; sourceTree = "<group>"; };
		978BBEDD1CC0C746004607C2 /* MASViewConstraint.m */ = {isa = PBXFileReference; fileEncoding = 4; lastKnownFileType = sourcecode.c.objc; path = MASViewConstraint.m; sourceTree = "<group>"; };
		978BBEDE1CC0C746004607C2 /* NSArray+MASAdditions.h */ = {isa = PBXFileReference; fileEncoding = 4; lastKnownFileType = sourcecode.c.h; path = "NSArray+MASAdditions.h"; sourceTree = "<group>"; };
		978BBEDF1CC0C746004607C2 /* NSArray+MASAdditions.m */ = {isa = PBXFileReference; fileEncoding = 4; lastKnownFileType = sourcecode.c.objc; path = "NSArray+MASAdditions.m"; sourceTree = "<group>"; };
		978BBEE01CC0C746004607C2 /* NSArray+MASShorthandAdditions.h */ = {isa = PBXFileReference; fileEncoding = 4; lastKnownFileType = sourcecode.c.h; path = "NSArray+MASShorthandAdditions.h"; sourceTree = "<group>"; };
		978BBEE11CC0C746004607C2 /* NSLayoutConstraint+MASDebugAdditions.h */ = {isa = PBXFileReference; fileEncoding = 4; lastKnownFileType = sourcecode.c.h; path = "NSLayoutConstraint+MASDebugAdditions.h"; sourceTree = "<group>"; };
		978BBEE21CC0C746004607C2 /* NSLayoutConstraint+MASDebugAdditions.m */ = {isa = PBXFileReference; fileEncoding = 4; lastKnownFileType = sourcecode.c.objc; path = "NSLayoutConstraint+MASDebugAdditions.m"; sourceTree = "<group>"; };
		978BBEE31CC0C746004607C2 /* View+MASAdditions.h */ = {isa = PBXFileReference; fileEncoding = 4; lastKnownFileType = sourcecode.c.h; path = "View+MASAdditions.h"; sourceTree = "<group>"; };
		978BBEE41CC0C746004607C2 /* View+MASAdditions.m */ = {isa = PBXFileReference; fileEncoding = 4; lastKnownFileType = sourcecode.c.objc; path = "View+MASAdditions.m"; sourceTree = "<group>"; };
		978BBEE51CC0C746004607C2 /* View+MASShorthandAdditions.h */ = {isa = PBXFileReference; fileEncoding = 4; lastKnownFileType = sourcecode.c.h; path = "View+MASShorthandAdditions.h"; sourceTree = "<group>"; };
		978BBEE61CC0C746004607C2 /* ViewController+MASAdditions.h */ = {isa = PBXFileReference; fileEncoding = 4; lastKnownFileType = sourcecode.c.h; path = "ViewController+MASAdditions.h"; sourceTree = "<group>"; };
		978BBEE71CC0C746004607C2 /* ViewController+MASAdditions.m */ = {isa = PBXFileReference; fileEncoding = 4; lastKnownFileType = sourcecode.c.objc; path = "ViewController+MASAdditions.m"; sourceTree = "<group>"; };
		978BBEF31CC0C771004607C2 /* PrefixHeader.pch */ = {isa = PBXFileReference; lastKnownFileType = sourcecode.c.h; path = PrefixHeader.pch; sourceTree = "<group>"; };
		978BBEF51CC0D9CD004607C2 /* common_actionbar_back1@2x.png */ = {isa = PBXFileReference; lastKnownFileType = image.png; path = "common_actionbar_back1@2x.png"; sourceTree = "<group>"; };
		978BBEF61CC0D9CD004607C2 /* common_actionbar_back1@3x.png */ = {isa = PBXFileReference; lastKnownFileType = image.png; path = "common_actionbar_back1@3x.png"; sourceTree = "<group>"; };
		97BC21D11CC104A800AEB38A /* WilsonConst.h */ = {isa = PBXFileReference; fileEncoding = 4; lastKnownFileType = sourcecode.c.h; path = WilsonConst.h; sourceTree = "<group>"; };
		97BC21D21CC104A800AEB38A /* WilsonConst.m */ = {isa = PBXFileReference; fileEncoding = 4; lastKnownFileType = sourcecode.c.objc; path = WilsonConst.m; sourceTree = "<group>"; };
		97BC21D71CC1084700AEB38A /* Config.h */ = {isa = PBXFileReference; lastKnownFileType = sourcecode.c.h; path = Config.h; sourceTree = "<group>"; };
/* End PBXFileReference section */

/* Begin PBXFrameworksBuildPhase section */
		978BBE8B1CC095AD004607C2 /* Frameworks */ = {
			isa = PBXFrameworksBuildPhase;
			buildActionMask = 2147483647;
			files = (
			);
			runOnlyForDeploymentPostprocessing = 0;
		};
		978BBEA41CC095AD004607C2 /* Frameworks */ = {
			isa = PBXFrameworksBuildPhase;
			buildActionMask = 2147483647;
			files = (
			);
			runOnlyForDeploymentPostprocessing = 0;
		};
		978BBEAF1CC095AD004607C2 /* Frameworks */ = {
			isa = PBXFrameworksBuildPhase;
			buildActionMask = 2147483647;
			files = (
			);
			runOnlyForDeploymentPostprocessing = 0;
		};
/* End PBXFrameworksBuildPhase section */

/* Begin PBXGroup section */
		976C54CC1CC48CBF00CD076A /* src */ = {
			isa = PBXGroup;
			children = (
				976C54CD1CC48CBF00CD076A /* iqiyi_filmslist.plist */,
			);
			path = src;
			sourceTree = "<group>";
		};
		976C54E61CC4D00300CD076A /* usericon */ = {
			isa = PBXGroup;
			children = (
				9767C37D1CC63FF800E79EFF /* usericon_01.png */,
				9767C37E1CC63FF800E79EFF /* usericon_02.png */,
				9767C37F1CC63FF800E79EFF /* usericon_03.png */,
				9767C3801CC63FF800E79EFF /* usericon_04.png */,
				9767C3811CC63FF800E79EFF /* usericon_05.png */,
				9767C3821CC63FF800E79EFF /* usericon_06.png */,
				9767C3831CC63FF800E79EFF /* usericon_07.png */,
				9767C3841CC63FF800E79EFF /* usericon_08.png */,
				9767C3851CC63FF800E79EFF /* usericon_09.png */,
				9767C3861CC63FF800E79EFF /* usericon_10.png */,
				9767C3871CC63FF800E79EFF /* usericon_11.png */,
				9767C3881CC63FF800E79EFF /* usericon_12.png */,
				9767C3891CC63FF800E79EFF /* usericon_13.png */,
				9767C38A1CC63FF800E79EFF /* usericon_14.png */,
				9767C38B1CC63FF800E79EFF /* usericon_15.png */,
				9767C38C1CC63FF800E79EFF /* usericon_16.png */,
				9767C38D1CC63FF800E79EFF /* usericon_17.png */,
				9767C38E1CC63FF800E79EFF /* usericon_18.png */,
				9767C38F1CC63FF800E79EFF /* usericon_19.png */,
				9767C3901CC63FF800E79EFF /* usericon_20.png */,
				9767C3911CC63FF800E79EFF /* usericon_21.png */,
				9767C3921CC63FF800E79EFF /* usericon_22.png */,
				9767C3931CC63FF800E79EFF /* usericon_23.png */,
				9767C3941CC63FF800E79EFF /* usericon_24.png */,
				9767C3951CC63FF800E79EFF /* usericon_25.png */,
				9767C3961CC63FF800E79EFF /* usericon_26.png */,
				9767C3971CC63FF800E79EFF /* usericon_27.png */,
				9767C3981CC63FF800E79EFF /* usericon_28.png */,
				9767C3991CC63FF800E79EFF /* usericon_29.png */,
				9767C39A1CC63FF800E79EFF /* usericon_30.png */,
				9767C39B1CC63FF800E79EFF /* usericon_31.png */,
				9767C39C1CC63FF800E79EFF /* usericon_32.png */,
				9767C39D1CC63FF800E79EFF /* usericon_33.png */,
				9767C39E1CC63FF800E79EFF /* usericon_34.png */,
				9767C39F1CC63FF800E79EFF /* usericon_36.png */,
				9767C3A01CC63FF800E79EFF /* usericon_37.png */,
				9767C3A11CC63FF800E79EFF /* usericon_38.png */,
				9767C3A21CC63FF800E79EFF /* usericon_39.png */,
				9767C3A31CC63FF800E79EFF /* usericon_40.png */,
				9767C3A41CC63FF800E79EFF /* usericon_41.png */,
				9767C3A51CC63FF800E79EFF /* usericon_42.png */,
				9767C3A61CC63FF800E79EFF /* usericon_43.png */,
				9767C3A71CC63FF800E79EFF /* usericon_44.png */,
				9767C3A81CC63FF800E79EFF /* usericon_45.png */,
				9767C3A91CC63FF800E79EFF /* usericon_46.png */,
				9767C3AA1CC63FF800E79EFF /* usericon_47.png */,
				9767C3AB1CC63FF800E79EFF /* usericon_48.png */,
				9767C3AC1CC63FF800E79EFF /* usericon_49.png */,
				9767C3AD1CC63FF800E79EFF /* usericon_50.png */,
				9767C3AE1CC63FF800E79EFF /* usericon_51.png */,
			);
			path = usericon;
			sourceTree = "<group>";
		};
		9773DC541CC3534900671520 /* controller */ = {
			isa = PBXGroup;
			children = (
				9773DC551CC3534900671520 /* PlayerDetailController.h */,
				9773DC561CC3534900671520 /* PlayerDetailController.m */,
			);
			path = controller;
			sourceTree = "<group>";
		};
		9773DC571CC3534900671520 /* model */ = {
			isa = PBXGroup;
			children = (
				976C54CF1CC48D6F00CD076A /* BaseModel.h */,
				976C54D01CC48D6F00CD076A /* BaseModel.m */,
				9773DC581CC3534900671520 /* iQiyiDataSource.h */,
				9773DC591CC3534900671520 /* iQiyiDataSource.m */,
				9773DCB01CC391E800671520 /* PlayerDetailFilmListModel.h */,
				9773DCB11CC391E800671520 /* PlayerDetailFilmListModel.m */,
				976C54E01CC4CC1200CD076A /* CommentModel.h */,
				976C54E11CC4CC1200CD076A /* CommentModel.m */,
				976C54E31CC4CC2900CD076A /* CommentLayoutObject.h */,
				976C54E41CC4CC2900CD076A /* CommentLayoutObject.m */,
				976C54E71CC4DED200CD076A /* ReplyListModel.h */,
				976C54E81CC4DED200CD076A /* ReplyListModel.m */,
			);
			path = model;
			sourceTree = "<group>";
		};
		9773DC5A1CC3534900671520 /* view */ = {
			isa = PBXGroup;
			children = (
				9773DC5B1CC3534900671520 /* PlayerDetailCell.h */,
				9773DC5C1CC3534900671520 /* PlayerDetailCell.m */,
				9773DC601CC3536600671520 /* FirstSectionCell.h */,
				9773DC611CC3536600671520 /* FirstSectionCell.m */,
				9773DC631CC3537200671520 /* SecondSectionCell.h */,
				9773DC641CC3537200671520 /* SecondSectionCell.m */,
				9773DC661CC3537D00671520 /* ThirdSectionCell.h */,
				9773DC671CC3537D00671520 /* ThirdSectionCell.m */,
				9773DC9B1CC37C5B00671520 /* PraiseConsole.h */,
				9773DC9C1CC37C5B00671520 /* PraiseConsole.m */,
				976C54D21CC4AA7A00CD076A /* FithSectionCell.h */,
				976C54D31CC4AA7A00CD076A /* FithSectionCell.m */,
				976C54D71CC4C96D00CD076A /* CommentCell.h */,
				976C54D81CC4C96D00CD076A /* CommentCell.m */,
				976C54DD1CC4CA7100CD076A /* ReplyListTableView.h */,
				976C54DE1CC4CA7100CD076A /* ReplyListTableView.m */,
			);
			path = view;
			sourceTree = "<group>";
		};
		978BBE851CC095AD004607C2 = {
			isa = PBXGroup;
			children = (
				976C54CC1CC48CBF00CD076A /* src */,
				97BC21C81CC1038000AEB38A /* GlobalMacro */,
				978BBEF41CC0D9CD004607C2 /* imgs */,
				978BBECC1CC0C746004607C2 /* lib */,
				978BBEC41CC0B8EE004607C2 /* iQiyiPlayer */,
				978BBE901CC095AD004607C2 /* iQiyiPlayerDemo */,
				978BBEAA1CC095AD004607C2 /* iQiyiPlayerDemoTests */,
				978BBEB51CC095AD004607C2 /* iQiyiPlayerDemoUITests */,
				978BBE8F1CC095AD004607C2 /* Products */,
			);
			sourceTree = "<group>";
		};
		978BBE8F1CC095AD004607C2 /* Products */ = {
			isa = PBXGroup;
			children = (
				978BBE8E1CC095AD004607C2 /* iQiyiPlayerDemo.app */,
				978BBEA71CC095AD004607C2 /* iQiyiPlayerDemoTests.xctest */,
				978BBEB21CC095AD004607C2 /* iQiyiPlayerDemoUITests.xctest */,
			);
			name = Products;
			sourceTree = "<group>";
		};
		978BBE901CC095AD004607C2 /* iQiyiPlayerDemo */ = {
			isa = PBXGroup;
			children = (
				978BBE941CC095AD004607C2 /* AppDelegate.h */,
				978BBE951CC095AD004607C2 /* AppDelegate.m */,
				978BBE971CC095AD004607C2 /* ViewController.h */,
				978BBE981CC095AD004607C2 /* ViewController.m */,
				978BBE9A1CC095AD004607C2 /* Main.storyboard */,
				978BBE9D1CC095AD004607C2 /* Assets.xcassets */,
				978BBE9F1CC095AD004607C2 /* LaunchScreen.storyboard */,
				978BBEA21CC095AD004607C2 /* Info.plist */,
				978BBE911CC095AD004607C2 /* Supporting Files */,
			);
			path = iQiyiPlayerDemo;
			sourceTree = "<group>";
		};
		978BBE911CC095AD004607C2 /* Supporting Files */ = {
			isa = PBXGroup;
			children = (
				978BBE921CC095AD004607C2 /* main.m */,
			);
			name = "Supporting Files";
			sourceTree = "<group>";
		};
		978BBEAA1CC095AD004607C2 /* iQiyiPlayerDemoTests */ = {
			isa = PBXGroup;
			children = (
				978BBEAB1CC095AD004607C2 /* iQiyiPlayerDemoTests.m */,
				978BBEAD1CC095AD004607C2 /* Info.plist */,
				978BBEF31CC0C771004607C2 /* PrefixHeader.pch */,
			);
			path = iQiyiPlayerDemoTests;
			sourceTree = "<group>";
		};
		978BBEB51CC095AD004607C2 /* iQiyiPlayerDemoUITests */ = {
			isa = PBXGroup;
			children = (
				978BBEB61CC095AD004607C2 /* iQiyiPlayerDemoUITests.m */,
				978BBEB81CC095AD004607C2 /* Info.plist */,
			);
			path = iQiyiPlayerDemoUITests;
			sourceTree = "<group>";
		};
		978BBEC41CC0B8EE004607C2 /* iQiyiPlayer */ = {
			isa = PBXGroup;
			children = (
				9773DC541CC3534900671520 /* controller */,
				9773DC571CC3534900671520 /* model */,
				9773DC5A1CC3534900671520 /* view */,
				978BBEC81CC0B931004607C2 /* Player */,
			);
			path = iQiyiPlayer;
			sourceTree = "<group>";
		};
		978BBEC81CC0B931004607C2 /* Player */ = {
			isa = PBXGroup;
			children = (
				978BBEC91CC0B943004607C2 /* iQiyiPlayer.h */,
				978BBECA1CC0B943004607C2 /* iQiyiPlayer.m */,
				975675FD1CC7233D0046BFAE /* PlayerSubviewsConsole.h */,
				975675FE1CC7233D0046BFAE /* PlayerSubviewsConsole.m */,
			);
			path = Player;
			sourceTree = "<group>";
		};
		978BBECC1CC0C746004607C2 /* lib */ = {
			isa = PBXGroup;
			children = (
				978BBECD1CC0C746004607C2 /* Masonry */,
			);
			path = lib;
			sourceTree = "<group>";
		};
		978BBECD1CC0C746004607C2 /* Masonry */ = {
			isa = PBXGroup;
			children = (
				978BBECE1CC0C746004607C2 /* Info.plist */,
				978BBECF1CC0C746004607C2 /* MASCompositeConstraint.h */,
				978BBED01CC0C746004607C2 /* MASCompositeConstraint.m */,
				978BBED11CC0C746004607C2 /* MASConstraint+Private.h */,
				978BBED21CC0C746004607C2 /* MASConstraint.h */,
				978BBED31CC0C746004607C2 /* MASConstraint.m */,
				978BBED41CC0C746004607C2 /* MASConstraintMaker.h */,
				978BBED51CC0C746004607C2 /* MASConstraintMaker.m */,
				978BBED61CC0C746004607C2 /* MASLayoutConstraint.h */,
				978BBED71CC0C746004607C2 /* MASLayoutConstraint.m */,
				978BBED81CC0C746004607C2 /* Masonry.h */,
				978BBED91CC0C746004607C2 /* MASUtilities.h */,
				978BBEDA1CC0C746004607C2 /* MASViewAttribute.h */,
				978BBEDB1CC0C746004607C2 /* MASViewAttribute.m */,
				978BBEDC1CC0C746004607C2 /* MASViewConstraint.h */,
				978BBEDD1CC0C746004607C2 /* MASViewConstraint.m */,
				978BBEDE1CC0C746004607C2 /* NSArray+MASAdditions.h */,
				978BBEDF1CC0C746004607C2 /* NSArray+MASAdditions.m */,
				978BBEE01CC0C746004607C2 /* NSArray+MASShorthandAdditions.h */,
				978BBEE11CC0C746004607C2 /* NSLayoutConstraint+MASDebugAdditions.h */,
				978BBEE21CC0C746004607C2 /* NSLayoutConstraint+MASDebugAdditions.m */,
				978BBEE31CC0C746004607C2 /* View+MASAdditions.h */,
				978BBEE41CC0C746004607C2 /* View+MASAdditions.m */,
				978BBEE51CC0C746004607C2 /* View+MASShorthandAdditions.h */,
				978BBEE61CC0C746004607C2 /* ViewController+MASAdditions.h */,
				978BBEE71CC0C746004607C2 /* ViewController+MASAdditions.m */,
			);
			path = Masonry;
			sourceTree = "<group>";
		};
		978BBEF41CC0D9CD004607C2 /* imgs */ = {
			isa = PBXGroup;
			children = (
				976C54E61CC4D00300CD076A /* usericon */,
				9767C3751CC634E500E79EFF /* comment_like_p@2x.png */,
				9767C3761CC634E500E79EFF /* comment_like_p@3x.png */,
				9767C3771CC634E500E79EFF /* comment_unlike_p@2x.png */,
				9767C3781CC634E500E79EFF /* comment_unlike_p@3x.png */,
				9767C3711CC634B900E79EFF /* comment_reply_p@2x.png */,
				9767C3721CC634B900E79EFF /* comment_reply_p@3x.png */,
				976C54D51CC4C42300CD076A /* icon2.png */,
				976C54C21CC4866C00CD076A /* film_05.png */,
				976C54C31CC4866C00CD076A /* film_06.png */,
				976C54C41CC4866C00CD076A /* film_07.png */,
				976C54C51CC4866C00CD076A /* film_08.png */,
				976C54C61CC4866C00CD076A /* film_09.png */,
				9773DCA81CC3902300671520 /* film_01.png */,
				9773DCA91CC3902300671520 /* film_02.png */,
				9773DCAA1CC3902300671520 /* film_03.png */,
				9773DCAB1CC3902300671520 /* film_04.png */,
				9773DCA61CC382B000671520 /* icon.png */,
				9773DC9E1CC380C700671520 /* depraise.png */,
				9773DC9F1CC380C700671520 /* offline_clarity_black_down_iphone@2x.png */,
				9773DCA01CC380C700671520 /* offline_clarity_black_down_iphone@3x.png */,
				9773DCA11CC380C700671520 /* praise.png */,
				9773DC691CC3588E00671520 /* ad_pause_p.png */,
				9773DC6A1CC3588E00671520 /* ad_pause_p@2x.png */,
				9773DC6B1CC3588E00671520 /* ad_pause_p@3x.png */,
				9773DC6C1CC3588E00671520 /* ad_play_p.png */,
				9773DC6D1CC3588E00671520 /* ad_play_p@2x.png */,
				9773DC6E1CC3588E00671520 /* ad_play_p@3x.png */,
				9773DC6F1CC3588E00671520 /* home_titleBar_offline@2x.png */,
				9773DC701CC3588E00671520 /* home_titleBar_offline@3x.png */,
				9773DC711CC3588E00671520 /* lockScreen_off_f.png */,
				9773DC721CC3588E00671520 /* lockScreen_off.png */,
				9773DC731CC3588E00671520 /* lockScreen_on_f.png */,
				9773DC741CC3588E00671520 /* lockScreen_on.png */,
				9773DC751CC3588E00671520 /* mini_ic_play_down@2x.png */,
				9773DC761CC3588E00671520 /* mini_ic_play_down@3x.png */,
				9773DC771CC3588E00671520 /* mini_ic_play_on@2x.png */,
				9773DC781CC3588E00671520 /* mini_ic_play_on@3x.png */,
				9773DC791CC3588E00671520 /* mini_share.png */,
				9773DC7A1CC3588E00671520 /* mini_share@3x.png */,
				9773DC7B1CC3588E00671520 /* player_bright_big@2x.png */,
				9773DC7C1CC3588E00671520 /* player_bright_big@3x.png */,
				9773DC7D1CC3588E00671520 /* player_bright_small@2x.png */,
				9773DC7E1CC3588E00671520 /* player_voice_big@2x.png */,
				9773DC7F1CC3588F00671520 /* player_voice_big@3x.png */,
				9773DC801CC3588F00671520 /* player_voice_small@2x.png */,
				9773DC811CC3588F00671520 /* player_voice_small@3x.png */,
				978BBEF51CC0D9CD004607C2 /* common_actionbar_back1@2x.png */,
				978BBEF61CC0D9CD004607C2 /* common_actionbar_back1@3x.png */,
			);
			path = imgs;
			sourceTree = "<group>";
		};
		97BC21C81CC1038000AEB38A /* GlobalMacro */ = {
			isa = PBXGroup;
			children = (
				97BC21D11CC104A800AEB38A /* WilsonConst.h */,
				97BC21D21CC104A800AEB38A /* WilsonConst.m */,
				97BC21D71CC1084700AEB38A /* Config.h */,
				9767C36E1CC6301500E79EFF /* kHelp.h */,
				9767C36F1CC6301500E79EFF /* kHelp.m */,
			);
			path = GlobalMacro;
			sourceTree = "<group>";
		};
/* End PBXGroup section */

/* Begin PBXNativeTarget section */
		978BBE8D1CC095AD004607C2 /* iQiyiPlayerDemo */ = {
			isa = PBXNativeTarget;
			buildConfigurationList = 978BBEBB1CC095AD004607C2 /* Build configuration list for PBXNativeTarget "iQiyiPlayerDemo" */;
			buildPhases = (
				978BBE8A1CC095AD004607C2 /* Sources */,
				978BBE8B1CC095AD004607C2 /* Frameworks */,
				978BBE8C1CC095AD004607C2 /* Resources */,
			);
			buildRules = (
			);
			dependencies = (
			);
			name = iQiyiPlayerDemo;
			productName = iQiyiPlayerDemo;
			productReference = 978BBE8E1CC095AD004607C2 /* iQiyiPlayerDemo.app */;
			productType = "com.apple.product-type.application";
		};
		978BBEA61CC095AD004607C2 /* iQiyiPlayerDemoTests */ = {
			isa = PBXNativeTarget;
			buildConfigurationList = 978BBEBE1CC095AD004607C2 /* Build configuration list for PBXNativeTarget "iQiyiPlayerDemoTests" */;
			buildPhases = (
				978BBEA31CC095AD004607C2 /* Sources */,
				978BBEA41CC095AD004607C2 /* Frameworks */,
				978BBEA51CC095AD004607C2 /* Resources */,
			);
			buildRules = (
			);
			dependencies = (
				978BBEA91CC095AD004607C2 /* PBXTargetDependency */,
			);
			name = iQiyiPlayerDemoTests;
			productName = iQiyiPlayerDemoTests;
			productReference = 978BBEA71CC095AD004607C2 /* iQiyiPlayerDemoTests.xctest */;
			productType = "com.apple.product-type.bundle.unit-test";
		};
		978BBEB11CC095AD004607C2 /* iQiyiPlayerDemoUITests */ = {
			isa = PBXNativeTarget;
			buildConfigurationList = 978BBEC11CC095AD004607C2 /* Build configuration list for PBXNativeTarget "iQiyiPlayerDemoUITests" */;
			buildPhases = (
				978BBEAE1CC095AD004607C2 /* Sources */,
				978BBEAF1CC095AD004607C2 /* Frameworks */,
				978BBEB01CC095AD004607C2 /* Resources */,
			);
			buildRules = (
			);
			dependencies = (
				978BBEB41CC095AD004607C2 /* PBXTargetDependency */,
			);
			name = iQiyiPlayerDemoUITests;
			productName = iQiyiPlayerDemoUITests;
			productReference = 978BBEB21CC095AD004607C2 /* iQiyiPlayerDemoUITests.xctest */;
			productType = "com.apple.product-type.bundle.ui-testing";
		};
/* End PBXNativeTarget section */

/* Begin PBXProject section */
		978BBE861CC095AD004607C2 /* Project object */ = {
			isa = PBXProject;
			attributes = {
				LastUpgradeCheck = 0730;
				ORGANIZATIONNAME = iWilsonStream;
				TargetAttributes = {
					978BBE8D1CC095AD004607C2 = {
						CreatedOnToolsVersion = 7.3;
						DevelopmentTeam = 26T67SPN5U;
					};
					978BBEA61CC095AD004607C2 = {
						CreatedOnToolsVersion = 7.3;
						TestTargetID = 978BBE8D1CC095AD004607C2;
					};
					978BBEB11CC095AD004607C2 = {
						CreatedOnToolsVersion = 7.3;
						TestTargetID = 978BBE8D1CC095AD004607C2;
					};
				};
			};
			buildConfigurationList = 978BBE891CC095AD004607C2 /* Build configuration list for PBXProject "iQiyiPlayerDemo" */;
			compatibilityVersion = "Xcode 3.2";
			developmentRegion = English;
			hasScannedForEncodings = 0;
			knownRegions = (
				en,
				Base,
			);
			mainGroup = 978BBE851CC095AD004607C2;
			productRefGroup = 978BBE8F1CC095AD004607C2 /* Products */;
			projectDirPath = "";
			projectRoot = "";
			targets = (
				978BBE8D1CC095AD004607C2 /* iQiyiPlayerDemo */,
				978BBEA61CC095AD004607C2 /* iQiyiPlayerDemoTests */,
				978BBEB11CC095AD004607C2 /* iQiyiPlayerDemoUITests */,
			);
		};
/* End PBXProject section */

/* Begin PBXResourcesBuildPhase section */
		978BBE8C1CC095AD004607C2 /* Resources */ = {
			isa = PBXResourcesBuildPhase;
			buildActionMask = 2147483647;
			files = (
				9767C3B51CC63FF800E79EFF /* usericon_07.png in Resources */,
				9767C3731CC634B900E79EFF /* comment_reply_p@2x.png in Resources */,
				9767C3C51CC63FF800E79EFF /* usericon_23.png in Resources */,
				9773DC8E1CC3588F00671520 /* mini_ic_play_down@2x.png in Resources */,
				9767C3D21CC63FF800E79EFF /* usericon_37.png in Resources */,
				9767C3DB1CC63FF800E79EFF /* usericon_46.png in Resources */,
				9773DC961CC3588F00671520 /* player_bright_small@2x.png in Resources */,
				978BBEE81CC0C746004607C2 /* Info.plist in Resources */,
				9767C3B11CC63FF800E79EFF /* usericon_03.png in Resources */,
				9767C3C41CC63FF800E79EFF /* usericon_22.png in Resources */,
				9767C3791CC634E500E79EFF /* comment_like_p@2x.png in Resources */,
				9767C3C21CC63FF800E79EFF /* usericon_20.png in Resources */,
				9773DCA51CC380C700671520 /* praise.png in Resources */,
				9767C3BA1CC63FF800E79EFF /* usericon_12.png in Resources */,
				9767C3AF1CC63FF800E79EFF /* usericon_01.png in Resources */,
				9773DC941CC3588F00671520 /* player_bright_big@2x.png in Resources */,
				976C54CA1CC4866C00CD076A /* film_08.png in Resources */,
				9767C3CA1CC63FF800E79EFF /* usericon_28.png in Resources */,
				9767C3BE1CC63FF800E79EFF /* usericon_16.png in Resources */,
				9773DC851CC3588F00671520 /* ad_play_p.png in Resources */,
				9767C3D01CC63FF800E79EFF /* usericon_34.png in Resources */,
				9767C37B1CC634E500E79EFF /* comment_unlike_p@2x.png in Resources */,
				978BBEF71CC0D9CD004607C2 /* common_actionbar_back1@2x.png in Resources */,
				9773DC991CC3588F00671520 /* player_voice_small@2x.png in Resources */,
				9767C3CD1CC63FF800E79EFF /* usericon_31.png in Resources */,
				9767C3D61CC63FF800E79EFF /* usericon_41.png in Resources */,
				9773DC891CC3588F00671520 /* home_titleBar_offline@3x.png in Resources */,
				9773DC971CC3588F00671520 /* player_voice_big@2x.png in Resources */,
				9773DC921CC3588F00671520 /* mini_share.png in Resources */,
				9773DC931CC3588F00671520 /* mini_share@3x.png in Resources */,
				9767C3B61CC63FF800E79EFF /* usericon_08.png in Resources */,
				9767C3B71CC63FF800E79EFF /* usericon_09.png in Resources */,
				9767C37C1CC634E500E79EFF /* comment_unlike_p@3x.png in Resources */,
				9773DCA41CC380C700671520 /* offline_clarity_black_down_iphone@3x.png in Resources */,
				978BBEA11CC095AD004607C2 /* LaunchScreen.storyboard in Resources */,
				9767C3B21CC63FF800E79EFF /* usericon_04.png in Resources */,
				976C54D61CC4C42300CD076A /* icon2.png in Resources */,
				9767C3BD1CC63FF800E79EFF /* usericon_15.png in Resources */,
				9767C3CE1CC63FF800E79EFF /* usericon_32.png in Resources */,
				9767C3CF1CC63FF800E79EFF /* usericon_33.png in Resources */,
				9773DCA21CC380C700671520 /* depraise.png in Resources */,
				978BBE9E1CC095AD004607C2 /* Assets.xcassets in Resources */,
				9767C3C31CC63FF800E79EFF /* usericon_21.png in Resources */,
				9767C3CC1CC63FF800E79EFF /* usericon_30.png in Resources */,
				978BBE9C1CC095AD004607C2 /* Main.storyboard in Resources */,
				976C54C81CC4866C00CD076A /* film_06.png in Resources */,
				9767C3BF1CC63FF800E79EFF /* usericon_17.png in Resources */,
				9767C3C01CC63FF800E79EFF /* usericon_18.png in Resources */,
				9767C3DF1CC63FF800E79EFF /* usericon_50.png in Resources */,
				9773DCA31CC380C700671520 /* offline_clarity_black_down_iphone@2x.png in Resources */,
				9773DC951CC3588F00671520 /* player_bright_big@3x.png in Resources */,
				9767C3C61CC63FF800E79EFF /* usericon_24.png in Resources */,
				9773DC901CC3588F00671520 /* mini_ic_play_on@2x.png in Resources */,
				9767C3B81CC63FF800E79EFF /* usericon_10.png in Resources */,
				9773DCAE1CC3902300671520 /* film_03.png in Resources */,
				9767C3741CC634B900E79EFF /* comment_reply_p@3x.png in Resources */,
				9767C3B01CC63FF800E79EFF /* usericon_02.png in Resources */,
				9767C37A1CC634E500E79EFF /* comment_like_p@3x.png in Resources */,
				9773DCA71CC382B000671520 /* icon.png in Resources */,
				978BBEF81CC0D9CD004607C2 /* common_actionbar_back1@3x.png in Resources */,
				9767C3BC1CC63FF800E79EFF /* usericon_14.png in Resources */,
				9773DC8B1CC3588F00671520 /* lockScreen_off.png in Resources */,
				9767C3DD1CC63FF800E79EFF /* usericon_48.png in Resources */,
				9773DC8F1CC3588F00671520 /* mini_ic_play_down@3x.png in Resources */,
				9767C3D81CC63FF800E79EFF /* usericon_43.png in Resources */,
				9773DC871CC3588F00671520 /* ad_play_p@3x.png in Resources */,
				9767C3DE1CC63FF800E79EFF /* usericon_49.png in Resources */,
				9767C3B91CC63FF800E79EFF /* usericon_11.png in Resources */,
				976C54CE1CC48CBF00CD076A /* iqiyi_filmslist.plist in Resources */,
				9767C3C11CC63FF800E79EFF /* usericon_19.png in Resources */,
				9767C3CB1CC63FF800E79EFF /* usericon_29.png in Resources */,
				9767C3D51CC63FF800E79EFF /* usericon_40.png in Resources */,
				9773DC861CC3588F00671520 /* ad_play_p@2x.png in Resources */,
				9767C3B41CC63FF800E79EFF /* usericon_06.png in Resources */,
				9773DC8C1CC3588F00671520 /* lockScreen_on_f.png in Resources */,
				9767C3C71CC63FF800E79EFF /* usericon_25.png in Resources */,
				9773DC911CC3588F00671520 /* mini_ic_play_on@3x.png in Resources */,
				9773DCAC1CC3902300671520 /* film_01.png in Resources */,
				9773DC8A1CC3588F00671520 /* lockScreen_off_f.png in Resources */,
				9773DC9A1CC3588F00671520 /* player_voice_small@3x.png in Resources */,
				9767C3D71CC63FF800E79EFF /* usericon_42.png in Resources */,
				976C54C71CC4866C00CD076A /* film_05.png in Resources */,
				9767C3D41CC63FF800E79EFF /* usericon_39.png in Resources */,
				9767C3C91CC63FF800E79EFF /* usericon_27.png in Resources */,
				9767C3D11CC63FF800E79EFF /* usericon_36.png in Resources */,
				9767C3D91CC63FF800E79EFF /* usericon_44.png in Resources */,
				9773DC821CC3588F00671520 /* ad_pause_p.png in Resources */,
				9773DCAF1CC3902300671520 /* film_04.png in Resources */,
				9767C3D31CC63FF800E79EFF /* usericon_38.png in Resources */,
				9773DC831CC3588F00671520 /* ad_pause_p@2x.png in Resources */,
				976C54CB1CC4866C00CD076A /* film_09.png in Resources */,
				9767C3DA1CC63FF800E79EFF /* usericon_45.png in Resources */,
				9773DC841CC3588F00671520 /* ad_pause_p@3x.png in Resources */,
				9773DC981CC3588F00671520 /* player_voice_big@3x.png in Resources */,
				9773DCAD1CC3902300671520 /* film_02.png in Resources */,
				9767C3B31CC63FF800E79EFF /* usericon_05.png in Resources */,
				9773DC881CC3588F00671520 /* home_titleBar_offline@2x.png in Resources */,
				9767C3BB1CC63FF800E79EFF /* usericon_13.png in Resources */,
				9767C3E01CC63FF800E79EFF /* usericon_51.png in Resources */,
				9767C3C81CC63FF800E79EFF /* usericon_26.png in Resources */,
				9767C3DC1CC63FF800E79EFF /* usericon_47.png in Resources */,
				9773DC8D1CC3588F00671520 /* lockScreen_on.png in Resources */,
				976C54C91CC4866C00CD076A /* film_07.png in Resources */,
			);
			runOnlyForDeploymentPostprocessing = 0;
		};
		978BBEA51CC095AD004607C2 /* Resources */ = {
			isa = PBXResourcesBuildPhase;
			buildActionMask = 2147483647;
			files = (
			);
			runOnlyForDeploymentPostprocessing = 0;
		};
		978BBEB01CC095AD004607C2 /* Resources */ = {
			isa = PBXResourcesBuildPhase;
			buildActionMask = 2147483647;
			files = (
			);
			runOnlyForDeploymentPostprocessing = 0;
		};
/* End PBXResourcesBuildPhase section */

/* Begin PBXSourcesBuildPhase section */
		978BBE8A1CC095AD004607C2 /* Sources */ = {
			isa = PBXSourcesBuildPhase;
			buildActionMask = 2147483647;
			files = (
				978BBEF01CC0C746004607C2 /* NSLayoutConstraint+MASDebugAdditions.m in Sources */,
				976C54D91CC4C96D00CD076A /* CommentCell.m in Sources */,
				9773DC681CC3537D00671520 /* ThirdSectionCell.m in Sources */,
				976C54D41CC4AA7A00CD076A /* FithSectionCell.m in Sources */,
				978BBE991CC095AD004607C2 /* ViewController.m in Sources */,
				978BBEEE1CC0C746004607C2 /* MASViewConstraint.m in Sources */,
				978BBE961CC095AD004607C2 /* AppDelegate.m in Sources */,
				978BBE931CC095AD004607C2 /* main.m in Sources */,
				978BBEF11CC0C746004607C2 /* View+MASAdditions.m in Sources */,
				978BBEE91CC0C746004607C2 /* MASCompositeConstraint.m in Sources */,
				975675FF1CC7233D0046BFAE /* PlayerSubviewsConsole.m in Sources */,
				9773DC5D1CC3534900671520 /* PlayerDetailController.m in Sources */,
				978BBEED1CC0C746004607C2 /* MASViewAttribute.m in Sources */,
				976C54E91CC4DED200CD076A /* ReplyListModel.m in Sources */,
				976C54DF1CC4CA7100CD076A /* ReplyListTableView.m in Sources */,
				976C54E21CC4CC1200CD076A /* CommentModel.m in Sources */,
				978BBEEB1CC0C746004607C2 /* MASConstraintMaker.m in Sources */,
				9767C3701CC6301500E79EFF /* kHelp.m in Sources */,
				978BBEEF1CC0C746004607C2 /* NSArray+MASAdditions.m in Sources */,
				97BC21D31CC104A800AEB38A /* WilsonConst.m in Sources */,
				9773DC5E1CC3534900671520 /* iQiyiDataSource.m in Sources */,
				9773DC5F1CC3534900671520 /* PlayerDetailCell.m in Sources */,
				9773DCB21CC391E800671520 /* PlayerDetailFilmListModel.m in Sources */,
				978BBEF21CC0C746004607C2 /* ViewController+MASAdditions.m in Sources */,
				978BBEEA1CC0C746004607C2 /* MASConstraint.m in Sources */,
				976C54D11CC48D6F00CD076A /* BaseModel.m in Sources */,
				978BBEEC1CC0C746004607C2 /* MASLayoutConstraint.m in Sources */,
				978BBECB1CC0B943004607C2 /* iQiyiPlayer.m in Sources */,
				9773DC621CC3536600671520 /* FirstSectionCell.m in Sources */,
				976C54E51CC4CC2900CD076A /* CommentLayoutObject.m in Sources */,
				9773DC651CC3537200671520 /* SecondSectionCell.m in Sources */,
				9773DC9D1CC37C5B00671520 /* PraiseConsole.m in Sources */,
			);
			runOnlyForDeploymentPostprocessing = 0;
		};
		978BBEA31CC095AD004607C2 /* Sources */ = {
			isa = PBXSourcesBuildPhase;
			buildActionMask = 2147483647;
			files = (
				978BBEAC1CC095AD004607C2 /* iQiyiPlayerDemoTests.m in Sources */,
			);
			runOnlyForDeploymentPostprocessing = 0;
		};
		978BBEAE1CC095AD004607C2 /* Sources */ = {
			isa = PBXSourcesBuildPhase;
			buildActionMask = 2147483647;
			files = (
				978BBEB71CC095AD004607C2 /* iQiyiPlayerDemoUITests.m in Sources */,
			);
			runOnlyForDeploymentPostprocessing = 0;
		};
/* End PBXSourcesBuildPhase section */

/* Begin PBXTargetDependency section */
		978BBEA91CC095AD004607C2 /* PBXTargetDependency */ = {
			isa = PBXTargetDependency;
			target = 978BBE8D1CC095AD004607C2 /* iQiyiPlayerDemo */;
			targetProxy = 978BBEA81CC095AD004607C2 /* PBXContainerItemProxy */;
		};
		978BBEB41CC095AD004607C2 /* PBXTargetDependency */ = {
			isa = PBXTargetDependency;
			target = 978BBE8D1CC095AD004607C2 /* iQiyiPlayerDemo */;
			targetProxy = 978BBEB31CC095AD004607C2 /* PBXContainerItemProxy */;
		};
/* End PBXTargetDependency section */

/* Begin PBXVariantGroup section */
		978BBE9A1CC095AD004607C2 /* Main.storyboard */ = {
			isa = PBXVariantGroup;
			children = (
				978BBE9B1CC095AD004607C2 /* Base */,
			);
			name = Main.storyboard;
			sourceTree = "<group>";
		};
		978BBE9F1CC095AD004607C2 /* LaunchScreen.storyboard */ = {
			isa = PBXVariantGroup;
			children = (
				978BBEA01CC095AD004607C2 /* Base */,
			);
			name = LaunchScreen.storyboard;
			sourceTree = "<group>";
		};
/* End PBXVariantGroup section */

/* Begin XCBuildConfiguration section */
		978BBEB91CC095AD004607C2 /* Debug */ = {
			isa = XCBuildConfiguration;
			buildSettings = {
				ALWAYS_SEARCH_USER_PATHS = NO;
				CLANG_ANALYZER_NONNULL = YES;
				CLANG_CXX_LANGUAGE_STANDARD = "gnu++0x";
				CLANG_CXX_LIBRARY = "libc++";
				CLANG_ENABLE_MODULES = YES;
				CLANG_ENABLE_OBJC_ARC = YES;
				CLANG_WARN_BOOL_CONVERSION = YES;
				CLANG_WARN_CONSTANT_CONVERSION = YES;
				CLANG_WARN_DIRECT_OBJC_ISA_USAGE = YES_ERROR;
				CLANG_WARN_EMPTY_BODY = YES;
				CLANG_WARN_ENUM_CONVERSION = YES;
				CLANG_WARN_INT_CONVERSION = YES;
				CLANG_WARN_OBJC_ROOT_CLASS = YES_ERROR;
				CLANG_WARN_UNREACHABLE_CODE = YES;
				CLANG_WARN__DUPLICATE_METHOD_MATCH = YES;
				CODE_SIGN_IDENTITY = "iPhone Developer: 钰萧 覃 (L6J464GKBL)";
				"CODE_SIGN_IDENTITY[sdk=iphoneos*]" = "iPhone Developer: 钰萧 覃 (L6J464GKBL)";
				COPY_PHASE_STRIP = NO;
				DEBUG_INFORMATION_FORMAT = dwarf;
				ENABLE_STRICT_OBJC_MSGSEND = YES;
				ENABLE_TESTABILITY = YES;
				GCC_C_LANGUAGE_STANDARD = gnu99;
				GCC_DYNAMIC_NO_PIC = NO;
				GCC_NO_COMMON_BLOCKS = YES;
				GCC_OPTIMIZATION_LEVEL = 0;
				GCC_PREPROCESSOR_DEFINITIONS = (
					"DEBUG=1",
					"$(inherited)",
				);
				GCC_WARN_64_TO_32_BIT_CONVERSION = YES;
				GCC_WARN_ABOUT_RETURN_TYPE = YES_ERROR;
				GCC_WARN_UNDECLARED_SELECTOR = YES;
				GCC_WARN_UNINITIALIZED_AUTOS = YES_AGGRESSIVE;
				GCC_WARN_UNUSED_FUNCTION = YES;
				GCC_WARN_UNUSED_VARIABLE = YES;
				IPHONEOS_DEPLOYMENT_TARGET = 9.3;
				MTL_ENABLE_DEBUG_INFO = YES;
				ONLY_ACTIVE_ARCH = YES;
				PROVISIONING_PROFILE = "41987214-131e-4280-8684-6e0d7720e9e4";
				SDKROOT = iphoneos;
				TARGETED_DEVICE_FAMILY = "1,2";
			};
			name = Debug;
		};
		978BBEBA1CC095AD004607C2 /* Release */ = {
			isa = XCBuildConfiguration;
			buildSettings = {
				ALWAYS_SEARCH_USER_PATHS = NO;
				CLANG_ANALYZER_NONNULL = YES;
				CLANG_CXX_LANGUAGE_STANDARD = "gnu++0x";
				CLANG_CXX_LIBRARY = "libc++";
				CLANG_ENABLE_MODULES = YES;
				CLANG_ENABLE_OBJC_ARC = YES;
				CLANG_WARN_BOOL_CONVERSION = YES;
				CLANG_WARN_CONSTANT_CONVERSION = YES;
				CLANG_WARN_DIRECT_OBJC_ISA_USAGE = YES_ERROR;
				CLANG_WARN_EMPTY_BODY = YES;
				CLANG_WARN_ENUM_CONVERSION = YES;
				CLANG_WARN_INT_CONVERSION = YES;
				CLANG_WARN_OBJC_ROOT_CLASS = YES_ERROR;
				CLANG_WARN_UNREACHABLE_CODE = YES;
				CLANG_WARN__DUPLICATE_METHOD_MATCH = YES;
				CODE_SIGN_IDENTITY = "iPhone Developer: 钰萧 覃 (L6J464GKBL)";
				"CODE_SIGN_IDENTITY[sdk=iphoneos*]" = "iPhone Developer: 钰萧 覃 (L6J464GKBL)";
				COPY_PHASE_STRIP = NO;
				DEBUG_INFORMATION_FORMAT = "dwarf-with-dsym";
				ENABLE_NS_ASSERTIONS = NO;
				ENABLE_STRICT_OBJC_MSGSEND = YES;
				GCC_C_LANGUAGE_STANDARD = gnu99;
				GCC_NO_COMMON_BLOCKS = YES;
				GCC_WARN_64_TO_32_BIT_CONVERSION = YES;
				GCC_WARN_ABOUT_RETURN_TYPE = YES_ERROR;
				GCC_WARN_UNDECLARED_SELECTOR = YES;
				GCC_WARN_UNINITIALIZED_AUTOS = YES_AGGRESSIVE;
				GCC_WARN_UNUSED_FUNCTION = YES;
				GCC_WARN_UNUSED_VARIABLE = YES;
				IPHONEOS_DEPLOYMENT_TARGET = 9.3;
				MTL_ENABLE_DEBUG_INFO = NO;
				PROVISIONING_PROFILE = "41987214-131e-4280-8684-6e0d7720e9e4";
				SDKROOT = iphoneos;
				TARGETED_DEVICE_FAMILY = "1,2";
				VALIDATE_PRODUCT = YES;
			};
			name = Release;
		};
		978BBEBC1CC095AD004607C2 /* Debug */ = {
			isa = XCBuildConfiguration;
			buildSettings = {
				ASSETCATALOG_COMPILER_APPICON_NAME = AppIcon;
				CODE_SIGN_IDENTITY = "iPhone Developer: 钰萧 覃 (L6J464GKBL)";
				GCC_PREFIX_HEADER = "$(SRCROOT)/iQiyiPlayerDemoTests/PrefixHeader.pch";
				INFOPLIST_FILE = iQiyiPlayerDemo/Info.plist;
				IPHONEOS_DEPLOYMENT_TARGET = 7.0;
				LD_RUNPATH_SEARCH_PATHS = "$(inherited) @executable_path/Frameworks";
				PRODUCT_BUNDLE_IDENTIFIER = com.netschina.iqyi;
				PRODUCT_NAME = "$(TARGET_NAME)";
				PROVISIONING_PROFILE = "41987214-131e-4280-8684-6e0d7720e9e4";
			};
			name = Debug;
		};
		978BBEBD1CC095AD004607C2 /* Release */ = {
			isa = XCBuildConfiguration;
			buildSettings = {
				ASSETCATALOG_COMPILER_APPICON_NAME = AppIcon;
				CODE_SIGN_IDENTITY = "iPhone Developer: 钰萧 覃 (L6J464GKBL)";
				GCC_PREFIX_HEADER = "$(SRCROOT)/iQiyiPlayerDemoTests/PrefixHeader.pch";
				INFOPLIST_FILE = iQiyiPlayerDemo/Info.plist;
				IPHONEOS_DEPLOYMENT_TARGET = 7.0;
				LD_RUNPATH_SEARCH_PATHS = "$(inherited) @executable_path/Frameworks";
				PRODUCT_BUNDLE_IDENTIFIER = com.netschina.iqyi;
				PRODUCT_NAME = "$(TARGET_NAME)";
				PROVISIONING_PROFILE = "41987214-131e-4280-8684-6e0d7720e9e4";
			};
			name = Release;
		};
		978BBEBF1CC095AD004607C2 /* Debug */ = {
			isa = XCBuildConfiguration;
			buildSettings = {
				BUNDLE_LOADER = "$(TEST_HOST)";
				INFOPLIST_FILE = iQiyiPlayerDemoTests/Info.plist;
				LD_RUNPATH_SEARCH_PATHS = "$(inherited) @executable_path/Frameworks @loader_path/Frameworks";
				PRODUCT_BUNDLE_IDENTIFIER = com.wilsonstream.iQiyiPlayerDemoTests;
				PRODUCT_NAME = "$(TARGET_NAME)";
				TEST_HOST = "$(BUILT_PRODUCTS_DIR)/iQiyiPlayerDemo.app/iQiyiPlayerDemo";
			};
			name = Debug;
		};
		978BBEC01CC095AD004607C2 /* Release */ = {
			isa = XCBuildConfiguration;
			buildSettings = {
				BUNDLE_LOADER = "$(TEST_HOST)";
				INFOPLIST_FILE = iQiyiPlayerDemoTests/Info.plist;
				LD_RUNPATH_SEARCH_PATHS = "$(inherited) @executable_path/Frameworks @loader_path/Frameworks";
				PRODUCT_BUNDLE_IDENTIFIER = com.wilsonstream.iQiyiPlayerDemoTests;
				PRODUCT_NAME = "$(TARGET_NAME)";
				TEST_HOST = "$(BUILT_PRODUCTS_DIR)/iQiyiPlayerDemo.app/iQiyiPlayerDemo";
			};
			name = Release;
		};
		978BBEC21CC095AD004607C2 /* Debug */ = {
			isa = XCBuildConfiguration;
			buildSettings = {
				INFOPLIST_FILE = iQiyiPlayerDemoUITests/Info.plist;
				LD_RUNPATH_SEARCH_PATHS = "$(inherited) @executable_path/Frameworks @loader_path/Frameworks";
				PRODUCT_BUNDLE_IDENTIFIER = com.wilsonstream.iQiyiPlayerDemoUITests;
				PRODUCT_NAME = "$(TARGET_NAME)";
				TEST_TARGET_NAME = iQiyiPlayerDemo;
			};
			name = Debug;
		};
		978BBEC31CC095AD004607C2 /* Release */ = {
			isa = XCBuildConfiguration;
			buildSettings = {
				INFOPLIST_FILE = iQiyiPlayerDemoUITests/Info.plist;
				LD_RUNPATH_SEARCH_PATHS = "$(inherited) @executable_path/Frameworks @loader_path/Frameworks";
				PRODUCT_BUNDLE_IDENTIFIER = com.wilsonstream.iQiyiPlayerDemoUITests;
				PRODUCT_NAME = "$(TARGET_NAME)";
				TEST_TARGET_NAME = iQiyiPlayerDemo;
			};
			name = Release;
		};
/* End XCBuildConfiguration section */

/* Begin XCConfigurationList section */
		978BBE891CC095AD004607C2 /* Build configuration list for PBXProject "iQiyiPlayerDemo" */ = {
			isa = XCConfigurationList;
			buildConfigurations = (
				978BBEB91CC095AD004607C2 /* Debug */,
				978BBEBA1CC095AD004607C2 /* Release */,
			);
			defaultConfigurationIsVisible = 0;
			defaultConfigurationName = Release;
		};
		978BBEBB1CC095AD004607C2 /* Build configuration list for PBXNativeTarget "iQiyiPlayerDemo" */ = {
			isa = XCConfigurationList;
			buildConfigurations = (
				978BBEBC1CC095AD004607C2 /* Debug */,
				978BBEBD1CC095AD004607C2 /* Release */,
			);
			defaultConfigurationIsVisible = 0;
			defaultConfigurationName = Release;
		};
		978BBEBE1CC095AD004607C2 /* Build configuration list for PBXNativeTarget "iQiyiPlayerDemoTests" */ = {
			isa = XCConfigurationList;
			buildConfigurations = (
				978BBEBF1CC095AD004607C2 /* Debug */,
				978BBEC01CC095AD004607C2 /* Release */,
			);
			defaultConfigurationIsVisible = 0;
			defaultConfigurationName = Release;
		};
		978BBEC11CC095AD004607C2 /* Build configuration list for PBXNativeTarget "iQiyiPlayerDemoUITests" */ = {
			isa = XCConfigurationList;
			buildConfigurations = (
				978BBEC21CC095AD004607C2 /* Debug */,
				978BBEC31CC095AD004607C2 /* Release */,
			);
			defaultConfigurationIsVisible = 0;
			defaultConfigurationName = Release;
		};
/* End XCConfigurationList section */
	};
	rootObject = 978BBE861CC095AD004607C2 /* Project object */;
}
