// !$*UTF8*$!
{
	archiveVersion = 1;
	classes = {
	};
	objectVersion = 46;
	objects = {

/* Begin PBXBuildFile section */
		9773DC5D1CC3534900671520 /* PlayerDetailController.m in Sources */ = {isa = PBXBuildFile; fileRef = 9773DC561CC3534900671520 /* PlayerDetailController.m */; };
		9773DC5E1CC3534900671520 /* iQiyiDataSource.m in Sources */ = {isa = PBXBuildFile; fileRef = 9773DC591CC3534900671520 /* iQiyiDataSource.m */; };
		9773DC5F1CC3534900671520 /* PlayerDetailCell.m in Sources */ = {isa = PBXBuildFile; fileRef = 9773DC5C1CC3534900671520 /* PlayerDetailCell.m */; };
		9773DC621CC3536600671520 /* FirstSectionCell.m in Sources */ = {isa = PBXBuildFile; fileRef = 9773DC611CC3536600671520 /* FirstSectionCell.m */; };
		9773DC651CC3537200671520 /* SecondSectionCell.m in Sources */ = {isa = PBXBuildFile; fileRef = 9773DC641CC3537200671520 /* SecondSectionCell.m */; };
		9773DC681CC3537D00671520 /* ThirdSectionCell.m in Sources */ = {isa = PBXBuildFile; fileRef = 9773DC671CC3537D00671520 /* ThirdSectionCell.m */; };
		9773DC821CC3588F00671520 /* ad_pause_p.png in Resources */ = {isa = PBXBuildFile; fileRef = 9773DC691CC3588E00671520 /* ad_pause_p.png */; };
		9773DC831CC3588F00671520 /* ad_pause_p@2x.png in Resources */ = {isa = PBXBuildFile; fileRef = 9773DC6A1CC3588E00671520 /* ad_pause_p@2x.png */; };
		9773DC841CC3588F00671520 /* ad_pause_p@3x.png in Resources */ = {isa = PBXBuildFile; fileRef = 9773DC6B1CC3588E00671520 /* ad_pause_p@3x.png */; };
		9773DC851CC3588F00671520 /* ad_play_p.png in Resources */ = {isa = PBXBuildFile; fileRef = 9773DC6C1CC3588E00671520 /* ad_play_p.png */; };
		9773DC861CC3588F00671520 /* ad_play_p@2x.png in Resources */ = {isa = PBXBuildFile; fileRef = 9773DC6D1CC3588E00671520 /* ad_play_p@2x.png */; };
		9773DC871CC3588F00671520 /* ad_play_p@3x.png in Resources */ = {isa = PBXBuildFile; fileRef = 9773DC6E1CC3588E00671520 /* ad_play_p@3x.png */; };
		9773DC881CC3588F00671520 /* home_titleBar_offline@2x.png in Resources */ = {isa = PBXBuildFile; fileRef = 9773DC6F1CC3588E00671520 /* home_titleBar_offline@2x.png */; };
		9773DC891CC3588F00671520 /* home_titleBar_offline@3x.png in Resources */ = {isa = PBXBuildFile; fileRef = 9773DC701CC3588E00671520 /* home_titleBar_offline@3x.png */; };
		9773DC8A1CC3588F00671520 /* lockScreen_off_f.png in Resources */ = {isa = PBXBuildFile; fileRef = 9773DC711CC3588E00671520 /* lockScreen_off_f.png */; };
		9773DC8B1CC3588F00671520 /* lockScreen_off.png in Resources */ = {isa = PBXBuildFile; fileRef = 9773DC721CC3588E00671520 /* lockScreen_off.png */; };
		9773DC8C1CC3588F00671520 /* lockScreen_on_f.png in Resources */ = {isa = PBXBuildFile; fileRef = 9773DC731CC3588E00671520 /* lockScreen_on_f.png */; };
		9773DC8D1CC3588F00671520 /* lockScreen_on.png in Resources */ = {isa = PBXBuildFile; fileRef = 9773DC741CC3588E00671520 /* lockScreen_on.png */; };
		9773DC8E1CC3588F00671520 /* mini_ic_play_down@2x.png in Resources */ = {isa = PBXBuildFile; fileRef = 9773DC751CC3588E00671520 /* mini_ic_play_down@2x.png */; };
		9773DC8F1CC3588F00671520 /* mini_ic_play_down@3x.png in Resources */ = {isa = PBXBuildFile; fileRef = 9773DC761CC3588E00671520 /* mini_ic_play_down@3x.png */; };
		9773DC901CC3588F00671520 /* mini_ic_play_on@2x.png in Resources */ = {isa = PBXBuildFile; fileRef = 9773DC771CC3588E00671520 /* mini_ic_play_on@2x.png */; };
		9773DC911CC3588F00671520 /* mini_ic_play_on@3x.png in Resources */ = {isa = PBXBuildFile; fileRef = 9773DC781CC3588E00671520 /* mini_ic_play_on@3x.png */; };
		9773DC921CC3588F00671520 /* mini_share.png in Resources */ = {isa = PBXBuildFile; fileRef = 9773DC791CC3588E00671520 /* mini_share.png */; };
		9773DC931CC3588F00671520 /* mini_share@3x.png in Resources */ = {isa = PBXBuildFile; fileRef = 9773DC7A1CC3588E00671520 /* mini_share@3x.png */; };
		9773DC941CC3588F00671520 /* player_bright_big@2x.png in Resources */ = {isa = PBXBuildFile; fileRef = 9773DC7B1CC3588E00671520 /* player_bright_big@2x.png */; };
		9773DC951CC3588F00671520 /* player_bright_big@3x.png in Resources */ = {isa = PBXBuildFile; fileRef = 9773DC7C1CC3588E00671520 /* player_bright_big@3x.png */; };
		9773DC961CC3588F00671520 /* player_bright_small@2x.png in Resources */ = {isa = PBXBuildFile; fileRef = 9773DC7D1CC3588E00671520 /* player_bright_small@2x.png */; };
		9773DC971CC3588F00671520 /* player_voice_big@2x.png in Resources */ = {isa = PBXBuildFile; fileRef = 9773DC7E1CC3588E00671520 /* player_voice_big@2x.png */; };
		9773DC981CC3588F00671520 /* player_voice_big@3x.png in Resources */ = {isa = PBXBuildFile; fileRef = 9773DC7F1CC3588F00671520 /* player_voice_big@3x.png */; };
		9773DC991CC3588F00671520 /* player_voice_small@2x.png in Resources */ = {isa = PBXBuildFile; fileRef = 9773DC801CC3588F00671520 /* player_voice_small@2x.png */; };
		9773DC9A1CC3588F00671520 /* player_voice_small@3x.png in Resources */ = {isa = PBXBuildFile; fileRef = 9773DC811CC3588F00671520 /* player_voice_small@3x.png */; };
		9773DC9D1CC37C5B00671520 /* PraiseConsole.m in Sources */ = {isa = PBXBuildFile; fileRef = 9773DC9C1CC37C5B00671520 /* PraiseConsole.m */; };
		9773DCA21CC380C700671520 /* depraise.png in Resources */ = {isa = PBXBuildFile; fileRef = 9773DC9E1CC380C700671520 /* depraise.png */; };
		9773DCA31CC380C700671520 /* offline_clarity_black_down_iphone@2x.png in Resources */ = {isa = PBXBuildFile; fileRef = 9773DC9F1CC380C700671520 /* offline_clarity_black_down_iphone@2x.png */; };
		9773DCA41CC380C700671520 /* offline_clarity_black_down_iphone@3x.png in Resources */ = {isa = PBXBuildFile; fileRef = 9773DCA01CC380C700671520 /* offline_clarity_black_down_iphone@3x.png */; };
		9773DCA51CC380C700671520 /* praise.png in Resources */ = {isa = PBXBuildFile; fileRef = 9773DCA11CC380C700671520 /* praise.png */; };
		9773DCA71CC382B000671520 /* icon.png in Resources */ = {isa = PBXBuildFile; fileRef = 9773DCA61CC382B000671520 /* icon.png */; };
		9773DCAC1CC3902300671520 /* film_01.png in Resources */ = {isa = PBXBuildFile; fileRef = 9773DCA81CC3902300671520 /* film_01.png */; };
		9773DCAD1CC3902300671520 /* film_02.png in Resources */ = {isa = PBXBuildFile; fileRef = 9773DCA91CC3902300671520 /* film_02.png */; };
		9773DCAE1CC3902300671520 /* film_03.png in Resources */ = {isa = PBXBuildFile; fileRef = 9773DCAA1CC3902300671520 /* film_03.png */; };
		9773DCAF1CC3902300671520 /* film_04.png in Resources */ = {isa = PBXBuildFile; fileRef = 9773DCAB1CC3902300671520 /* film_04.png */; };
		9773DCB21CC391E800671520 /* PlayerDetailFilmListModel.m in Sources */ = {isa = PBXBuildFile; fileRef = 9773DCB11CC391E800671520 /* PlayerDetailFilmListModel.m */; };
		978BBE931CC095AD004607C2 /* main.m in Sources */ = {isa = PBXBuildFile; fileRef = 978BBE921CC095AD004607C2 /* main.m */; };
		978BBE961CC095AD004607C2 /* AppDelegate.m in Sources */ = {isa = PBXBuildFile; fileRef = 978BBE951CC095AD004607C2 /* AppDelegate.m */; };
		978BBE991CC095AD004607C2 /* ViewController.m in Sources */ = {isa = PBXBuildFile; fileRef = 978BBE981CC095AD004607C2 /* ViewController.m */; };
		978BBE9C1CC095AD004607C2 /* Main.storyboard in Resources */ = {isa = PBXBuildFile; fileRef = 978BBE9A1CC095AD004607C2 /* Main.storyboard */; };
		978BBE9E1CC095AD004607C2 /* Assets.xcassets in Resources */ = {isa = PBXBuildFile; fileRef = 978BBE9D1CC095AD004607C2 /* Assets.xcassets */; };
		978BBEA11CC095AD004607C2 /* LaunchScreen.storyboard in Resources */ = {isa = PBXBuildFile; fileRef = 978BBE9F1CC095AD004607C2 /* LaunchScreen.storyboard */; };
		978BBEAC1CC095AD004607C2 /* iQiyiPlayerDemoTests.m in Sources */ = {isa = PBXBuildFile; fileRef = 978BBEAB1CC095AD004607C2 /* iQiyiPlayerDemoTests.m */; };
		978BBEB71CC095AD004607C2 /* iQiyiPlayerDemoUITests.m in Sources */ = {isa = PBXBuildFile; fileRef = 978BBEB61CC095AD004607C2 /* iQiyiPlayerDemoUITests.m */; };
		978BBECB1CC0B943004607C2 /* iQiyiPlayer.m in Sources */ = {isa = PBXBuildFile; fileRef = 978BBECA1CC0B943004607C2 /* iQiyiPlayer.m */; };
		978BBEE81CC0C746004607C2 /* Info.plist in Resources */ = {isa = PBXBuildFile; fileRef = 978BBECE1CC0C746004607C2 /* Info.plist */; };
		978BBEE91CC0C746004607C2 /* MASCompositeConstraint.m in Sources */ = {isa = PBXBuildFile; fileRef = 978BBED01CC0C746004607C2 /* MASCompositeConstraint.m */; };
		978BBEEA1CC0C746004607C2 /* MASConstraint.m in Sources */ = {isa = PBXBuildFile; fileRef = 978BBED31CC0C746004607C2 /* MASConstraint.m */; };
		978BBEEB1CC0C746004607C2 /* MASConstraintMaker.m in Sources */ = {isa = PBXBuildFile; fileRef = 978BBED51CC0C746004607C2 /* MASConstraintMaker.m */; };
		978BBEEC1CC0C746004607C2 /* MASLayoutConstraint.m in Sources */ = {isa = PBXBuildFile; fileRef = 978BBED71CC0C746004607C2 /* MASLayoutConstraint.m */; };
		978BBEED1CC0C746004607C2 /* MASViewAttribute.m in Sources */ = {isa = PBXBuildFile; fileRef = 978BBEDB1CC0C746004607C2 /* MASViewAttribute.m */; };
		978BBEEE1CC0C746004607C2 /* MASViewConstraint.m in Sources */ = {isa = PBXBuildFile; fileRef = 978BBEDD1CC0C746004607C2 /* MASViewConstraint.m */; };
		978BBEEF1CC0C746004607C2 /* NSArray+MASAdditions.m in Sources */ = {isa = PBXBuildFile; fileRef = 978BBEDF1CC0C746004607C2 /* NSArray+MASAdditions.m */; };
		978BBEF01CC0C746004607C2 /* NSLayoutConstraint+MASDebugAdditions.m in Sources */ = {isa = PBXBuildFile; fileRef = 978BBEE21CC0C746004607C2 /* NSLayoutConstraint+MASDebugAdditions.m */; };
		978BBEF11CC0C746004607C2 /* View+MASAdditions.m in Sources */ = {isa = PBXBuildFile; fileRef = 978BBEE41CC0C746004607C2 /* View+MASAdditions.m */; };
		978BBEF21CC0C746004607C2 /* ViewController+MASAdditions.m in Sources */ = {isa = PBXBuildFile; fileRef = 978BBEE71CC0C746004607C2 /* ViewController+MASAdditions.m */; };
		978BBEF71CC0D9CD004607C2 /* common_actionbar_back1@2x.png in Resources */ = {isa = PBXBuildFile; fileRef = 978BBEF51CC0D9CD004607C2 /* common_actionbar_back1@2x.png */; };
		978BBEF81CC0D9CD004607C2 /* common_actionbar_back1@3x.png in Resources */ = {isa = PBXBuildFile; fileRef = 978BBEF61CC0D9CD004607C2 /* common_actionbar_back1@3x.png */; };
		97BC21D31CC104A800AEB38A /* WilsonConst.m in Sources */ = {isa = PBXBuildFile; fileRef = 97BC21D21CC104A800AEB38A /* WilsonConst.m */; };
/* End PBXBuildFile section */

/* Begin PBXContainerItemProxy section */
		978BBEA81CC095AD004607C2 /* PBXContainerItemProxy */ = {
			isa = PBXContainerItemProxy;
			containerPortal = 978BBE861CC095AD004607C2 /* Project object */;
			proxyType = 1;
			remoteGlobalIDString = 978BBE8D1CC095AD004607C2;
			remoteInfo = iQiyiPlayerDemo;
		};
		978BBEB31CC095AD004607C2 /* PBXContainerItemProxy */ = {
			isa = PBXContainerItemProxy;
			containerPortal = 978BBE861CC095AD004607C2 /* Project object */;
			proxyType = 1;
			remoteGlobalIDString = 978BBE8D1CC095AD004607C2;
			remoteInfo = iQiyiPlayerDemo;
		};
/* End PBXContainerItemProxy section */

/* Begin PBXFileReference section */
		9773DC551CC3534900671520 /* PlayerDetailController.h */ = {isa = PBXFileReference; fileEncoding = 4; lastKnownFileType = sourcecode.c.h; path = PlayerDetailController.h; sourceTree = "<group>"; };
		9773DC561CC3534900671520 /* PlayerDetailController.m */ = {isa = PBXFileReference; fileEncoding = 4; lastKnownFileType = sourcecode.c.objc; path = PlayerDetailController.m; sourceTree = "<group>"; };
		9773DC581CC3534900671520 /* iQiyiDataSource.h */ = {isa = PBXFileReference; fileEncoding = 4; lastKnownFileType = sourcecode.c.h; path = iQiyiDataSource.h; sourceTree = "<group>"; };
		9773DC591CC3534900671520 /* iQiyiDataSource.m */ = {isa = PBXFileReference; fileEncoding = 4; lastKnownFileType = sourcecode.c.objc; path = iQiyiDataSource.m; sourceTree = "<group>"; };
		9773DC5B1CC3534900671520 /* PlayerDetailCell.h */ = {isa = PBXFileReference; fileEncoding = 4; lastKnownFileType = sourcecode.c.h; path = PlayerDetailCell.h; sourceTree = "<group>"; };
		9773DC5C1CC3534900671520 /* PlayerDetailCell.m */ = {isa = PBXFileReference; fileEncoding = 4; lastKnownFileType = sourcecode.c.objc; path = PlayerDetailCell.m; sourceTree = "<group>"; };
		9773DC601CC3536600671520 /* FirstSectionCell.h */ = {isa = PBXFileReference; fileEncoding = 4; lastKnownFileType = sourcecode.c.h; path = FirstSectionCell.h; sourceTree = "<group>"; };
		9773DC611CC3536600671520 /* FirstSectionCell.m */ = {isa = PBXFileReference; fileEncoding = 4; lastKnownFileType = sourcecode.c.objc; path = FirstSectionCell.m; sourceTree = "<group>"; };
		9773DC631CC3537200671520 /* SecondSectionCell.h */ = {isa = PBXFileReference; fileEncoding = 4; lastKnownFileType = sourcecode.c.h; path = SecondSectionCell.h; sourceTree = "<group>"; };
		9773DC641CC3537200671520 /* SecondSectionCell.m */ = {isa = PBXFileReference; fileEncoding = 4; lastKnownFileType = sourcecode.c.objc; path = SecondSectionCell.m; sourceTree = "<group>"; };
		9773DC661CC3537D00671520 /* ThirdSectionCell.h */ = {isa = PBXFileReference; fileEncoding = 4; lastKnownFileType = sourcecode.c.h; path = ThirdSectionCell.h; sourceTree = "<group>"; };
		9773DC671CC3537D00671520 /* ThirdSectionCell.m */ = {isa = PBXFileReference; fileEncoding = 4; lastKnownFileType = sourcecode.c.objc; path = ThirdSectionCell.m; sourceTree = "<group>"; };
		9773DC691CC3588E00671520 /* ad_pause_p.png */ = {isa = PBXFileReference; lastKnownFileType = image.png; path = ad_pause_p.png; sourceTree = "<group>"; };
		9773DC6A1CC3588E00671520 /* ad_pause_p@2x.png */ = {isa = PBXFileReference; lastKnownFileType = image.png; path = "ad_pause_p@2x.png"; sourceTree = "<group>"; };
		9773DC6B1CC3588E00671520 /* ad_pause_p@3x.png */ = {isa = PBXFileReference; lastKnownFileType = image.png; path = "ad_pause_p@3x.png"; sourceTree = "<group>"; };
		9773DC6C1CC3588E00671520 /* ad_play_p.png */ = {isa = PBXFileReference; lastKnownFileType = image.png; path = ad_play_p.png; sourceTree = "<group>"; };
		9773DC6D1CC3588E00671520 /* ad_play_p@2x.png */ = {isa = PBXFileReference; lastKnownFileType = image.png; path = "ad_play_p@2x.png"; sourceTree = "<group>"; };
		9773DC6E1CC3588E00671520 /* ad_play_p@3x.png */ = {isa = PBXFileReference; lastKnownFileType = image.png; path = "ad_play_p@3x.png"; sourceTree = "<group>"; };
		9773DC6F1CC3588E00671520 /* home_titleBar_offline@2x.png */ = {isa = PBXFileReference; lastKnownFileType = image.png; path = "home_titleBar_offline@2x.png"; sourceTree = "<group>"; };
		9773DC701CC3588E00671520 /* home_titleBar_offline@3x.png */ = {isa = PBXFileReference; lastKnownFileType = image.png; path = "home_titleBar_offline@3x.png"; sourceTree = "<group>"; };
		9773DC711CC3588E00671520 /* lockScreen_off_f.png */ = {isa = PBXFileReference; lastKnownFileType = image.png; path = lockScreen_off_f.png; sourceTree = "<group>"; };
		9773DC721CC3588E00671520 /* lockScreen_off.png */ = {isa = PBXFileReference; lastKnownFileType = image.png; path = lockScreen_off.png; sourceTree = "<group>"; };
		9773DC731CC3588E00671520 /* lockScreen_on_f.png */ = {isa = PBXFileReference; lastKnownFileType = image.png; path = lockScreen_on_f.png; sourceTree = "<group>"; };
		9773DC741CC3588E00671520 /* lockScreen_on.png */ = {isa = PBXFileReference; lastKnownFileType = image.png; path = lockScreen_on.png; sourceTree = "<group>"; };
		9773DC751CC3588E00671520 /* mini_ic_play_down@2x.png */ = {isa = PBXFileReference; lastKnownFileType = image.png; path = "mini_ic_play_down@2x.png"; sourceTree = "<group>"; };
		9773DC761CC3588E00671520 /* mini_ic_play_down@3x.png */ = {isa = PBXFileReference; lastKnownFileType = image.png; path = "mini_ic_play_down@3x.png"; sourceTree = "<group>"; };
		9773DC771CC3588E00671520 /* mini_ic_play_on@2x.png */ = {isa = PBXFileReference; lastKnownFileType = image.png; path = "mini_ic_play_on@2x.png"; sourceTree = "<group>"; };
		9773DC781CC3588E00671520 /* mini_ic_play_on@3x.png */ = {isa = PBXFileReference; lastKnownFileType = image.png; path = "mini_ic_play_on@3x.png"; sourceTree = "<group>"; };
		9773DC791CC3588E00671520 /* mini_share.png */ = {isa = PBXFileReference; lastKnownFileType = image.png; path = mini_share.png; sourceTree = "<group>"; };
		9773DC7A1CC3588E00671520 /* mini_share@3x.png */ = {isa = PBXFileReference; lastKnownFileType = image.png; path = "mini_share@3x.png"; sourceTree = "<group>"; };
		9773DC7B1CC3588E00671520 /* player_bright_big@2x.png */ = {isa = PBXFileReference; lastKnownFileType = image.png; path = "player_bright_big@2x.png"; sourceTree = "<group>"; };
		9773DC7C1CC3588E00671520 /* player_bright_big@3x.png */ = {isa = PBXFileReference; lastKnownFileType = image.png; path = "player_bright_big@3x.png"; sourceTree = "<group>"; };
		9773DC7D1CC3588E00671520 /* player_bright_small@2x.png */ = {isa = PBXFileReference; lastKnownFileType = image.png; path = "player_bright_small@2x.png"; sourceTree = "<group>"; };
		9773DC7E1CC3588E00671520 /* player_voice_big@2x.png */ = {isa = PBXFileReference; lastKnownFileType = image.png; path = "player_voice_big@2x.png"; sourceTree = "<group>"; };
		9773DC7F1CC3588F00671520 /* player_voice_big@3x.png */ = {isa = PBXFileReference; lastKnownFileType = image.png; path = "player_voice_big@3x.png"; sourceTree = "<group>"; };
		9773DC801CC3588F00671520 /* player_voice_small@2x.png */ = {isa = PBXFileReference; lastKnownFileType = image.png; path = "player_voice_small@2x.png"; sourceTree = "<group>"; };
		9773DC811CC3588F00671520 /* player_voice_small@3x.png */ = {isa = PBXFileReference; lastKnownFileType = image.png; path = "player_voice_small@3x.png"; sourceTree = "<group>"; };
		9773DC9B1CC37C5B00671520 /* PraiseConsole.h */ = {isa = PBXFileReference; fileEncoding = 4; lastKnownFileType = sourcecode.c.h; path = PraiseConsole.h; sourceTree = "<group>"; };
		9773DC9C1CC37C5B00671520 /* PraiseConsole.m */ = {isa = PBXFileReference; fileEncoding = 4; lastKnownFileType = sourcecode.c.objc; path = PraiseConsole.m; sourceTree = "<group>"; };
		9773DC9E1CC380C700671520 /* depraise.png */ = {isa = PBXFileReference; lastKnownFileType = image.png; path = depraise.png; sourceTree = "<group>"; };
		9773DC9F1CC380C700671520 /* offline_clarity_black_down_iphone@2x.png */ = {isa = PBXFileReference; lastKnownFileType = image.png; path = "offline_clarity_black_down_iphone@2x.png"; sourceTree = "<group>"; };
		9773DCA01CC380C700671520 /* offline_clarity_black_down_iphone@3x.png */ = {isa = PBXFileReference; lastKnownFileType = image.png; path = "offline_clarity_black_down_iphone@3x.png"; sourceTree = "<group>"; };
		9773DCA11CC380C700671520 /* praise.png */ = {isa = PBXFileReference; lastKnownFileType = image.png; path = praise.png; sourceTree = "<group>"; };
		9773DCA61CC382B000671520 /* icon.png */ = {isa = PBXFileReference; lastKnownFileType = image.png; path = icon.png; sourceTree = "<group>"; };
		9773DCA81CC3902300671520 /* film_01.png */ = {isa = PBXFileReference; lastKnownFileType = image.png; path = film_01.png; sourceTree = "<group>"; };
		9773DCA91CC3902300671520 /* film_02.png */ = {isa = PBXFileReference; lastKnownFileType = image.png; path = film_02.png; sourceTree = "<group>"; };
		9773DCAA1CC3902300671520 /* film_03.png */ = {isa = PBXFileReference; lastKnownFileType = image.png; path = film_03.png; sourceTree = "<group>"; };
		9773DCAB1CC3902300671520 /* film_04.png */ = {isa = PBXFileReference; lastKnownFileType = image.png; path = film_04.png; sourceTree = "<group>"; };
		9773DCB01CC391E800671520 /* PlayerDetailFilmListModel.h */ = {isa = PBXFileReference; fileEncoding = 4; lastKnownFileType = sourcecode.c.h; path = PlayerDetailFilmListModel.h; sourceTree = "<group>"; };
		9773DCB11CC391E800671520 /* PlayerDetailFilmListModel.m */ = {isa = PBXFileReference; fileEncoding = 4; lastKnownFileType = sourcecode.c.objc; path = PlayerDetailFilmListModel.m; sourceTree = "<group>"; };
		978BBE8E1CC095AD004607C2 /* iQiyiPlayerDemo.app */ = {isa = PBXFileReference; explicitFileType = wrapper.application; includeInIndex = 0; path = iQiyiPlayerDemo.app; sourceTree = BUILT_PRODUCTS_DIR; };
		978BBE921CC095AD004607C2 /* main.m */ = {isa = PBXFileReference; lastKnownFileType = sourcecode.c.objc; path = main.m; sourceTree = "<group>"; };
		978BBE941CC095AD004607C2 /* AppDelegate.h */ = {isa = PBXFileReference; lastKnownFileType = sourcecode.c.h; path = AppDelegate.h; sourceTree = "<group>"; };
		978BBE951CC095AD004607C2 /* AppDelegate.m */ = {isa = PBXFileReference; lastKnownFileType = sourcecode.c.objc; path = AppDelegate.m; sourceTree = "<group>"; };
		978BBE971CC095AD004607C2 /* ViewController.h */ = {isa = PBXFileReference; lastKnownFileType = sourcecode.c.h; path = ViewController.h; sourceTree = "<group>"; };
		978BBE981CC095AD004607C2 /* ViewController.m */ = {isa = PBXFileReference; lastKnownFileType = sourcecode.c.objc; path = ViewController.m; sourceTree = "<group>"; };
		978BBE9B1CC095AD004607C2 /* Base */ = {isa = PBXFileReference; lastKnownFileType = file.storyboard; name = Base; path = Base.lproj/Main.storyboard; sourceTree = "<group>"; };
		978BBE9D1CC095AD004607C2 /* Assets.xcassets */ = {isa = PBXFileReference; lastKnownFileType = folder.assetcatalog; path = Assets.xcassets; sourceTree = "<group>"; };
		978BBEA01CC095AD004607C2 /* Base */ = {isa = PBXFileReference; lastKnownFileType = file.storyboard; name = Base; path = Base.lproj/LaunchScreen.storyboard; sourceTree = "<group>"; };
		978BBEA21CC095AD004607C2 /* Info.plist */ = {isa = PBXFileReference; lastKnownFileType = text.plist.xml; path = Info.plist; sourceTree = "<group>"; };
		978BBEA71CC095AD004607C2 /* iQiyiPlayerDemoTests.xctest */ = {isa = PBXFileReference; explicitFileType = wrapper.cfbundle; includeInIndex = 0; path = iQiyiPlayerDemoTests.xctest; sourceTree = BUILT_PRODUCTS_DIR; };
		978BBEAB1CC095AD004607C2 /* iQiyiPlayerDemoTests.m */ = {isa = PBXFileReference; lastKnownFileType = sourcecode.c.objc; path = iQiyiPlayerDemoTests.m; sourceTree = "<group>"; };
		978BBEAD1CC095AD004607C2 /* Info.plist */ = {isa = PBXFileReference; lastKnownFileType = text.plist.xml; path = Info.plist; sourceTree = "<group>"; };
		978BBEB21CC095AD004607C2 /* iQiyiPlayerDemoUITests.xctest */ = {isa = PBXFileReference; explicitFileType = wrapper.cfbundle; includeInIndex = 0; path = iQiyiPlayerDemoUITests.xctest; sourceTree = BUILT_PRODUCTS_DIR; };
		978BBEB61CC095AD004607C2 /* iQiyiPlayerDemoUITests.m */ = {isa = PBXFileReference; lastKnownFileType = sourcecode.c.objc; path = iQiyiPlayerDemoUITests.m; sourceTree = "<group>"; };
		978BBEB81CC095AD004607C2 /* Info.plist */ = {isa = PBXFileReference; lastKnownFileType = text.plist.xml; path = Info.plist; sourceTree = "<group>"; };
		978BBEC91CC0B943004607C2 /* iQiyiPlayer.h */ = {isa = PBXFileReference; fileEncoding = 4; lastKnownFileType = sourcecode.c.h; path = iQiyiPlayer.h; sourceTree = "<group>"; };
		978BBECA1CC0B943004607C2 /* iQiyiPlayer.m */ = {isa = PBXFileReference; fileEncoding = 4; lastKnownFileType = sourcecode.c.objc; path = iQiyiPlayer.m; sourceTree = "<group>"; };
		978BBECE1CC0C746004607C2 /* Info.plist */ = {isa = PBXFileReference; fileEncoding = 4; lastKnownFileType = text.plist.xml; path = Info.plist; sourceTree = "<group>"; };
		978BBECF1CC0C746004607C2 /* MASCompositeConstraint.h */ = {isa = PBXFileReference; fileEncoding = 4; lastKnownFileType = sourcecode.c.h; path = MASCompositeConstraint.h; sourceTree = "<group>"; };
		978BBED01CC0C746004607C2 /* MASCompositeConstraint.m */ = {isa = PBXFileReference; fileEncoding = 4; lastKnownFileType = sourcecode.c.objc; path = MASCompositeConstraint.m; sourceTree = "<group>"; };
		978BBED11CC0C746004607C2 /* MASConstraint+Private.h */ = {isa = PBXFileReference; fileEncoding = 4; lastKnownFileType = sourcecode.c.h; path = "MASConstraint+Private.h"; sourceTree = "<group>"; };
		978BBED21CC0C746004607C2 /* MASConstraint.h */ = {isa = PBXFileReference; fileEncoding = 4; lastKnownFileType = sourcecode.c.h; path = MASConstraint.h; sourceTree = "<group>"; };
		978BBED31CC0C746004607C2 /* MASConstraint.m */ = {isa = PBXFileReference; fileEncoding = 4; lastKnownFileType = sourcecode.c.objc; path = MASConstraint.m; sourceTree = "<group>"; };
		978BBED41CC0C746004607C2 /* MASConstraintMaker.h */ = {isa = PBXFileReference; fileEncoding = 4; lastKnownFileType = sourcecode.c.h; path = MASConstraintMaker.h; sourceTree = "<group>"; };
		978BBED51CC0C746004607C2 /* MASConstraintMaker.m */ = {isa = PBXFileReference; fileEncoding = 4; lastKnownFileType = sourcecode.c.objc; path = MASConstraintMaker.m; sourceTree = "<group>"; };
		978BBED61CC0C746004607C2 /* MASLayoutConstraint.h */ = {isa = PBXFileReference; fileEncoding = 4; lastKnownFileType = sourcecode.c.h; path = MASLayoutConstraint.h; sourceTree = "<group>"; };
		978BBED71CC0C746004607C2 /* MASLayoutConstraint.m */ = {isa = PBXFileReference; fileEncoding = 4; lastKnownFileType = sourcecode.c.objc; path = MASLayoutConstraint.m; sourceTree = "<group>"; };
		978BBED81CC0C746004607C2 /* Masonry.h */ = {isa = PBXFileReference; fileEncoding = 4; lastKnownFileType = sourcecode.c.h; path = Masonry.h; sourceTree = "<group>"; };
		978BBED91CC0C746004607C2 /* MASUtilities.h */ = {isa = PBXFileReference; fileEncoding = 4; lastKnownFileType = sourcecode.c.h; path = MASUtilities.h; sourceTree = "<group>"; };
		978BBEDA1CC0C746004607C2 /* MASViewAttribute.h */ = {isa = PBXFileReference; fileEncoding = 4; lastKnownFileType = sourcecode.c.h; path = MASViewAttribute.h; sourceTree = "<group>"; };
		978BBEDB1CC0C746004607C2 /* MASViewAttribute.m */ = {isa = PBXFileReference; fileEncoding = 4; lastKnownFileType = sourcecode.c.objc; path = MASViewAttribute.m; sourceTree = "<group>"; };
		978BBEDC1CC0C746004607C2 /* MASViewConstraint.h */ = {isa = PBXFileReference; fileEncoding = 4; lastKnownFileType = sourcecode.c.h; path = MASViewConstraint.h; sourceTree = "<group>"; };
		978BBEDD1CC0C746004607C2 /* MASViewConstraint.m */ = {isa = PBXFileReference; fileEncoding = 4; lastKnownFileType = sourcecode.c.objc; path = MASViewConstraint.m; sourceTree = "<group>"; };
		978BBEDE1CC0C746004607C2 /* NSArray+MASAdditions.h */ = {isa = PBXFileReference; fileEncoding = 4; lastKnownFileType = sourcecode.c.h; path = "NSArray+MASAdditions.h"; sourceTree = "<group>"; };
		978BBEDF1CC0C746004607C2 /* NSArray+MASAdditions.m */ = {isa = PBXFileReference; fileEncoding = 4; lastKnownFileType = sourcecode.c.objc; path = "NSArray+MASAdditions.m"; sourceTree = "<group>"; };
		978BBEE01CC0C746004607C2 /* NSArray+MASShorthandAdditions.h */ = {isa = PBXFileReference; fileEncoding = 4; lastKnownFileType = sourcecode.c.h; path = "NSArray+MASShorthandAdditions.h"; sourceTree = "<group>"; };
		978BBEE11CC0C746004607C2 /* NSLayoutConstraint+MASDebugAdditions.h */ = {isa = PBXFileReference; fileEncoding = 4; lastKnownFileType = sourcecode.c.h; path = "NSLayoutConstraint+MASDebugAdditions.h"; sourceTree = "<group>"; };
		978BBEE21CC0C746004607C2 /* NSLayoutConstraint+MASDebugAdditions.m */ = {isa = PBXFileReference; fileEncoding = 4; lastKnownFileType = sourcecode.c.objc; path = "NSLayoutConstraint+MASDebugAdditions.m"; sourceTree = "<group>"; };
		978BBEE31CC0C746004607C2 /* View+MASAdditions.h */ = {isa = PBXFileReference; fileEncoding = 4; lastKnownFileType = sourcecode.c.h; path = "View+MASAdditions.h"; sourceTree = "<group>"; };
		978BBEE41CC0C746004607C2 /* View+MASAdditions.m */ = {isa = PBXFileReference; fileEncoding = 4; lastKnownFileType = sourcecode.c.objc; path = "View+MASAdditions.m"; sourceTree = "<group>"; };
		978BBEE51CC0C746004607C2 /* View+MASShorthandAdditions.h */ = {isa = PBXFileReference; fileEncoding = 4; lastKnownFileType = sourcecode.c.h; path = "View+MASShorthandAdditions.h"; sourceTree = "<group>"; };
		978BBEE61CC0C746004607C2 /* ViewController+MASAdditions.h */ = {isa = PBXFileReference; fileEncoding = 4; lastKnownFileType = sourcecode.c.h; path = "ViewController+MASAdditions.h"; sourceTree = "<group>"; };
		978BBEE71CC0C746004607C2 /* ViewController+MASAdditions.m */ = {isa = PBXFileReference; fileEncoding = 4; lastKnownFileType = sourcecode.c.objc; path = "ViewController+MASAdditions.m"; sourceTree = "<group>"; };
		978BBEF31CC0C771004607C2 /* PrefixHeader.pch */ = {isa = PBXFileReference; lastKnownFileType = sourcecode.c.h; path = PrefixHeader.pch; sourceTree = "<group>"; };
		978BBEF51CC0D9CD004607C2 /* common_actionbar_back1@2x.png */ = {isa = PBXFileReference; lastKnownFileType = image.png; path = "common_actionbar_back1@2x.png"; sourceTree = "<group>"; };
		978BBEF61CC0D9CD004607C2 /* common_actionbar_back1@3x.png */ = {isa = PBXFileReference; lastKnownFileType = image.png; path = "common_actionbar_back1@3x.png"; sourceTree = "<group>"; };
		97BC21D11CC104A800AEB38A /* WilsonConst.h */ = {isa = PBXFileReference; fileEncoding = 4; lastKnownFileType = sourcecode.c.h; path = WilsonConst.h; sourceTree = "<group>"; };
		97BC21D21CC104A800AEB38A /* WilsonConst.m */ = {isa = PBXFileReference; fileEncoding = 4; lastKnownFileType = sourcecode.c.objc; path = WilsonConst.m; sourceTree = "<group>"; };
		97BC21D71CC1084700AEB38A /* Config.h */ = {isa = PBXFileReference; lastKnownFileType = sourcecode.c.h; path = Config.h; sourceTree = "<group>"; };
/* End PBXFileReference section */

/* Begin PBXFrameworksBuildPhase section */
		978BBE8B1CC095AD004607C2 /* Frameworks */ = {
			isa = PBXFrameworksBuildPhase;
			buildActionMask = 2147483647;
			files = (
			);
			runOnlyForDeploymentPostprocessing = 0;
		};
		978BBEA41CC095AD004607C2 /* Frameworks */ = {
			isa = PBXFrameworksBuildPhase;
			buildActionMask = 2147483647;
			files = (
			);
			runOnlyForDeploymentPostprocessing = 0;
		};
		978BBEAF1CC095AD004607C2 /* Frameworks */ = {
			isa = PBXFrameworksBuildPhase;
			buildActionMask = 2147483647;
			files = (
			);
			runOnlyForDeploymentPostprocessing = 0;
		};
/* End PBXFrameworksBuildPhase section */

/* Begin PBXGroup section */
		9773DC541CC3534900671520 /* controller */ = {
			isa = PBXGroup;
			children = (
				9773DC551CC3534900671520 /* PlayerDetailController.h */,
				9773DC561CC3534900671520 /* PlayerDetailController.m */,
			);
			path = controller;
			sourceTree = "<group>";
		};
		9773DC571CC3534900671520 /* model */ = {
			isa = PBXGroup;
			children = (
				9773DC581CC3534900671520 /* iQiyiDataSource.h */,
				9773DC591CC3534900671520 /* iQiyiDataSource.m */,
				9773DCB01CC391E800671520 /* PlayerDetailFilmListModel.h */,
				9773DCB11CC391E800671520 /* PlayerDetailFilmListModel.m */,
			);
			path = model;
			sourceTree = "<group>";
		};
		9773DC5A1CC3534900671520 /* view */ = {
			isa = PBXGroup;
			children = (
				9773DC5B1CC3534900671520 /* PlayerDetailCell.h */,
				9773DC5C1CC3534900671520 /* PlayerDetailCell.m */,
				9773DC601CC3536600671520 /* FirstSectionCell.h */,
				9773DC611CC3536600671520 /* FirstSectionCell.m */,
				9773DC631CC3537200671520 /* SecondSectionCell.h */,
				9773DC641CC3537200671520 /* SecondSectionCell.m */,
				9773DC661CC3537D00671520 /* ThirdSectionCell.h */,
				9773DC671CC3537D00671520 /* ThirdSectionCell.m */,
				9773DC9B1CC37C5B00671520 /* PraiseConsole.h */,
				9773DC9C1CC37C5B00671520 /* PraiseConsole.m */,
			);
			path = view;
			sourceTree = "<group>";
		};
		978BBE851CC095AD004607C2 = {
			isa = PBXGroup;
			children = (
				97BC21C81CC1038000AEB38A /* GlobalMacro */,
				978BBEF41CC0D9CD004607C2 /* imgs */,
				978BBECC1CC0C746004607C2 /* lib */,
				978BBEC41CC0B8EE004607C2 /* iQiyiPlayer */,
				978BBE901CC095AD004607C2 /* iQiyiPlayerDemo */,
				978BBEAA1CC095AD004607C2 /* iQiyiPlayerDemoTests */,
				978BBEB51CC095AD004607C2 /* iQiyiPlayerDemoUITests */,
				978BBE8F1CC095AD004607C2 /* Products */,
			);
			sourceTree = "<group>";
		};
		978BBE8F1CC095AD004607C2 /* Products */ = {
			isa = PBXGroup;
			children = (
				978BBE8E1CC095AD004607C2 /* iQiyiPlayerDemo.app */,
				978BBEA71CC095AD004607C2 /* iQiyiPlayerDemoTests.xctest */,
				978BBEB21CC095AD004607C2 /* iQiyiPlayerDemoUITests.xctest */,
			);
			name = Products;
			sourceTree = "<group>";
		};
		978BBE901CC095AD004607C2 /* iQiyiPlayerDemo */ = {
			isa = PBXGroup;
			children = (
				978BBE941CC095AD004607C2 /* AppDelegate.h */,
				978BBE951CC095AD004607C2 /* AppDelegate.m */,
				978BBE971CC095AD004607C2 /* ViewController.h */,
				978BBE981CC095AD004607C2 /* ViewController.m */,
				978BBE9A1CC095AD004607C2 /* Main.storyboard */,
				978BBE9D1CC095AD004607C2 /* Assets.xcassets */,
				978BBE9F1CC095AD004607C2 /* LaunchScreen.storyboard */,
				978BBEA21CC095AD004607C2 /* Info.plist */,
				978BBE911CC095AD004607C2 /* Supporting Files */,
			);
			path = iQiyiPlayerDemo;
			sourceTree = "<group>";
		};
		978BBE911CC095AD004607C2 /* Supporting Files */ = {
			isa = PBXGroup;
			children = (
				978BBE921CC095AD004607C2 /* main.m */,
			);
			name = "Supporting Files";
			sourceTree = "<group>";
		};
		978BBEAA1CC095AD004607C2 /* iQiyiPlayerDemoTests */ = {
			isa = PBXGroup;
			children = (
				978BBEAB1CC095AD004607C2 /* iQiyiPlayerDemoTests.m */,
				978BBEAD1CC095AD004607C2 /* Info.plist */,
				978BBEF31CC0C771004607C2 /* PrefixHeader.pch */,
			);
			path = iQiyiPlayerDemoTests;
			sourceTree = "<group>";
		};
		978BBEB51CC095AD004607C2 /* iQiyiPlayerDemoUITests */ = {
			isa = PBXGroup;
			children = (
				978BBEB61CC095AD004607C2 /* iQiyiPlayerDemoUITests.m */,
				978BBEB81CC095AD004607C2 /* Info.plist */,
			);
			path = iQiyiPlayerDemoUITests;
			sourceTree = "<group>";
		};
		978BBEC41CC0B8EE004607C2 /* iQiyiPlayer */ = {
			isa = PBXGroup;
			children = (
				9773DC541CC3534900671520 /* controller */,
				9773DC571CC3534900671520 /* model */,
				9773DC5A1CC3534900671520 /* view */,
				978BBEC81CC0B931004607C2 /* Player */,
			);
			path = iQiyiPlayer;
			sourceTree = "<group>";
		};
		978BBEC81CC0B931004607C2 /* Player */ = {
			isa = PBXGroup;
			children = (
				978BBEC91CC0B943004607C2 /* iQiyiPlayer.h */,
				978BBECA1CC0B943004607C2 /* iQiyiPlayer.m */,
			);
			path = Player;
			sourceTree = "<group>";
		};
		978BBECC1CC0C746004607C2 /* lib */ = {
			isa = PBXGroup;
			children = (
				978BBECD1CC0C746004607C2 /* Masonry */,
			);
			path = lib;
			sourceTree = "<group>";
		};
		978BBECD1CC0C746004607C2 /* Masonry */ = {
			isa = PBXGroup;
			children = (
				978BBECE1CC0C746004607C2 /* Info.plist */,
				978BBECF1CC0C746004607C2 /* MASCompositeConstraint.h */,
				978BBED01CC0C746004607C2 /* MASCompositeConstraint.m */,
				978BBED11CC0C746004607C2 /* MASConstraint+Private.h */,
				978BBED21CC0C746004607C2 /* MASConstraint.h */,
				978BBED31CC0C746004607C2 /* MASConstraint.m */,
				978BBED41CC0C746004607C2 /* MASConstraintMaker.h */,
				978BBED51CC0C746004607C2 /* MASConstraintMaker.m */,
				978BBED61CC0C746004607C2 /* MASLayoutConstraint.h */,
				978BBED71CC0C746004607C2 /* MASLayoutConstraint.m */,
				978BBED81CC0C746004607C2 /* Masonry.h */,
				978BBED91CC0C746004607C2 /* MASUtilities.h */,
				978BBEDA1CC0C746004607C2 /* MASViewAttribute.h */,
				978BBEDB1CC0C746004607C2 /* MASViewAttribute.m */,
				978BBEDC1CC0C746004607C2 /* MASViewConstraint.h */,
				978BBEDD1CC0C746004607C2 /* MASViewConstraint.m */,
				978BBEDE1CC0C746004607C2 /* NSArray+MASAdditions.h */,
				978BBEDF1CC0C746004607C2 /* NSArray+MASAdditions.m */,
				978BBEE01CC0C746004607C2 /* NSArray+MASShorthandAdditions.h */,
				978BBEE11CC0C746004607C2 /* NSLayoutConstraint+MASDebugAdditions.h */,
				978BBEE21CC0C746004607C2 /* NSLayoutConstraint+MASDebugAdditions.m */,
				978BBEE31CC0C746004607C2 /* View+MASAdditions.h */,
				978BBEE41CC0C746004607C2 /* View+MASAdditions.m */,
				978BBEE51CC0C746004607C2 /* View+MASShorthandAdditions.h */,
				978BBEE61CC0C746004607C2 /* ViewController+MASAdditions.h */,
				978BBEE71CC0C746004607C2 /* ViewController+MASAdditions.m */,
			);
			path = Masonry;
			sourceTree = "<group>";
		};
		978BBEF41CC0D9CD004607C2 /* imgs */ = {
			isa = PBXGroup;
			children = (
				9773DCA81CC3902300671520 /* film_01.png */,
				9773DCA91CC3902300671520 /* film_02.png */,
				9773DCAA1CC3902300671520 /* film_03.png */,
				9773DCAB1CC3902300671520 /* film_04.png */,
				9773DCA61CC382B000671520 /* icon.png */,
				9773DC9E1CC380C700671520 /* depraise.png */,
				9773DC9F1CC380C700671520 /* offline_clarity_black_down_iphone@2x.png */,
				9773DCA01CC380C700671520 /* offline_clarity_black_down_iphone@3x.png */,
				9773DCA11CC380C700671520 /* praise.png */,
				9773DC691CC3588E00671520 /* ad_pause_p.png */,
				9773DC6A1CC3588E00671520 /* ad_pause_p@2x.png */,
				9773DC6B1CC3588E00671520 /* ad_pause_p@3x.png */,
				9773DC6C1CC3588E00671520 /* ad_play_p.png */,
				9773DC6D1CC3588E00671520 /* ad_play_p@2x.png */,
				9773DC6E1CC3588E00671520 /* ad_play_p@3x.png */,
				9773DC6F1CC3588E00671520 /* home_titleBar_offline@2x.png */,
				9773DC701CC3588E00671520 /* home_titleBar_offline@3x.png */,
				9773DC711CC3588E00671520 /* lockScreen_off_f.png */,
				9773DC721CC3588E00671520 /* lockScreen_off.png */,
				9773DC731CC3588E00671520 /* lockScreen_on_f.png */,
				9773DC741CC3588E00671520 /* lockScreen_on.png */,
				9773DC751CC3588E00671520 /* mini_ic_play_down@2x.png */,
				9773DC761CC3588E00671520 /* mini_ic_play_down@3x.png */,
				9773DC771CC3588E00671520 /* mini_ic_play_on@2x.png */,
				9773DC781CC3588E00671520 /* mini_ic_play_on@3x.png */,
				9773DC791CC3588E00671520 /* mini_share.png */,
				9773DC7A1CC3588E00671520 /* mini_share@3x.png */,
				9773DC7B1CC3588E00671520 /* player_bright_big@2x.png */,
				9773DC7C1CC3588E00671520 /* player_bright_big@3x.png */,
				9773DC7D1CC3588E00671520 /* player_bright_small@2x.png */,
				9773DC7E1CC3588E00671520 /* player_voice_big@2x.png */,
				9773DC7F1CC3588F00671520 /* player_voice_big@3x.png */,
				9773DC801CC3588F00671520 /* player_voice_small@2x.png */,
				9773DC811CC3588F00671520 /* player_voice_small@3x.png */,
				978BBEF51CC0D9CD004607C2 /* common_actionbar_back1@2x.png */,
				978BBEF61CC0D9CD004607C2 /* common_actionbar_back1@3x.png */,
			);
			path = imgs;
			sourceTree = "<group>";
		};
		97BC21C81CC1038000AEB38A /* GlobalMacro */ = {
			isa = PBXGroup;
			children = (
				97BC21D11CC104A800AEB38A /* WilsonConst.h */,
				97BC21D21CC104A800AEB38A /* WilsonConst.m */,
				97BC21D71CC1084700AEB38A /* Config.h */,
			);
			path = GlobalMacro;
			sourceTree = "<group>";
		};
/* End PBXGroup section */

/* Begin PBXNativeTarget section */
		978BBE8D1CC095AD004607C2 /* iQiyiPlayerDemo */ = {
			isa = PBXNativeTarget;
			buildConfigurationList = 978BBEBB1CC095AD004607C2 /* Build configuration list for PBXNativeTarget "iQiyiPlayerDemo" */;
			buildPhases = (
				978BBE8A1CC095AD004607C2 /* Sources */,
				978BBE8B1CC095AD004607C2 /* Frameworks */,
				978BBE8C1CC095AD004607C2 /* Resources */,
			);
			buildRules = (
			);
			dependencies = (
			);
			name = iQiyiPlayerDemo;
			productName = iQiyiPlayerDemo;
			productReference = 978BBE8E1CC095AD004607C2 /* iQiyiPlayerDemo.app */;
			productType = "com.apple.product-type.application";
		};
		978BBEA61CC095AD004607C2 /* iQiyiPlayerDemoTests */ = {
			isa = PBXNativeTarget;
			buildConfigurationList = 978BBEBE1CC095AD004607C2 /* Build configuration list for PBXNativeTarget "iQiyiPlayerDemoTests" */;
			buildPhases = (
				978BBEA31CC095AD004607C2 /* Sources */,
				978BBEA41CC095AD004607C2 /* Frameworks */,
				978BBEA51CC095AD004607C2 /* Resources */,
			);
			buildRules = (
			);
			dependencies = (
				978BBEA91CC095AD004607C2 /* PBXTargetDependency */,
			);
			name = iQiyiPlayerDemoTests;
			productName = iQiyiPlayerDemoTests;
			productReference = 978BBEA71CC095AD004607C2 /* iQiyiPlayerDemoTests.xctest */;
			productType = "com.apple.product-type.bundle.unit-test";
		};
		978BBEB11CC095AD004607C2 /* iQiyiPlayerDemoUITests */ = {
			isa = PBXNativeTarget;
			buildConfigurationList = 978BBEC11CC095AD004607C2 /* Build configuration list for PBXNativeTarget "iQiyiPlayerDemoUITests" */;
			buildPhases = (
				978BBEAE1CC095AD004607C2 /* Sources */,
				978BBEAF1CC095AD004607C2 /* Frameworks */,
				978BBEB01CC095AD004607C2 /* Resources */,
			);
			buildRules = (
			);
			dependencies = (
				978BBEB41CC095AD004607C2 /* PBXTargetDependency */,
			);
			name = iQiyiPlayerDemoUITests;
			productName = iQiyiPlayerDemoUITests;
			productReference = 978BBEB21CC095AD004607C2 /* iQiyiPlayerDemoUITests.xctest */;
			productType = "com.apple.product-type.bundle.ui-testing";
		};
/* End PBXNativeTarget section */

/* Begin PBXProject section */
		978BBE861CC095AD004607C2 /* Project object */ = {
			isa = PBXProject;
			attributes = {
				LastUpgradeCheck = 0730;
				ORGANIZATIONNAME = iWilsonStream;
				TargetAttributes = {
					978BBE8D1CC095AD004607C2 = {
						CreatedOnToolsVersion = 7.3;
					};
					978BBEA61CC095AD004607C2 = {
						CreatedOnToolsVersion = 7.3;
						TestTargetID = 978BBE8D1CC095AD004607C2;
					};
					978BBEB11CC095AD004607C2 = {
						CreatedOnToolsVersion = 7.3;
						TestTargetID = 978BBE8D1CC095AD004607C2;
					};
				};
			};
			buildConfigurationList = 978BBE891CC095AD004607C2 /* Build configuration list for PBXProject "iQiyiPlayerDemo" */;
			compatibilityVersion = "Xcode 3.2";
			developmentRegion = English;
			hasScannedForEncodings = 0;
			knownRegions = (
				en,
				Base,
			);
			mainGroup = 978BBE851CC095AD004607C2;
			productRefGroup = 978BBE8F1CC095AD004607C2 /* Products */;
			projectDirPath = "";
			projectRoot = "";
			targets = (
				978BBE8D1CC095AD004607C2 /* iQiyiPlayerDemo */,
				978BBEA61CC095AD004607C2 /* iQiyiPlayerDemoTests */,
				978BBEB11CC095AD004607C2 /* iQiyiPlayerDemoUITests */,
			);
		};
/* End PBXProject section */

/* Begin PBXResourcesBuildPhase section */
		978BBE8C1CC095AD004607C2 /* Resources */ = {
			isa = PBXResourcesBuildPhase;
			buildActionMask = 2147483647;
			files = (
				9773DC8E1CC3588F00671520 /* mini_ic_play_down@2x.png in Resources */,
				9773DC961CC3588F00671520 /* player_bright_small@2x.png in Resources */,
				978BBEE81CC0C746004607C2 /* Info.plist in Resources */,
				9773DCA51CC380C700671520 /* praise.png in Resources */,
				9773DC941CC3588F00671520 /* player_bright_big@2x.png in Resources */,
				9773DC851CC3588F00671520 /* ad_play_p.png in Resources */,
				978BBEF71CC0D9CD004607C2 /* common_actionbar_back1@2x.png in Resources */,
				9773DC991CC3588F00671520 /* player_voice_small@2x.png in Resources */,
				9773DC891CC3588F00671520 /* home_titleBar_offline@3x.png in Resources */,
				9773DC971CC3588F00671520 /* player_voice_big@2x.png in Resources */,
				9773DC921CC3588F00671520 /* mini_share.png in Resources */,
				9773DC931CC3588F00671520 /* mini_share@3x.png in Resources */,
				9773DCA41CC380C700671520 /* offline_clarity_black_down_iphone@3x.png in Resources */,
				978BBEA11CC095AD004607C2 /* LaunchScreen.storyboard in Resources */,
				9773DCA21CC380C700671520 /* depraise.png in Resources */,
				978BBE9E1CC095AD004607C2 /* Assets.xcassets in Resources */,
				978BBE9C1CC095AD004607C2 /* Main.storyboard in Resources */,
				9773DCA31CC380C700671520 /* offline_clarity_black_down_iphone@2x.png in Resources */,
				9773DC951CC3588F00671520 /* player_bright_big@3x.png in Resources */,
				9773DC901CC3588F00671520 /* mini_ic_play_on@2x.png in Resources */,
				9773DCAE1CC3902300671520 /* film_03.png in Resources */,
				9773DCA71CC382B000671520 /* icon.png in Resources */,
				978BBEF81CC0D9CD004607C2 /* common_actionbar_back1@3x.png in Resources */,
				9773DC8B1CC3588F00671520 /* lockScreen_off.png in Resources */,
				9773DC8F1CC3588F00671520 /* mini_ic_play_down@3x.png in Resources */,
				9773DC871CC3588F00671520 /* ad_play_p@3x.png in Resources */,
				9773DC861CC3588F00671520 /* ad_play_p@2x.png in Resources */,
				9773DC8C1CC3588F00671520 /* lockScreen_on_f.png in Resources */,
				9773DC911CC3588F00671520 /* mini_ic_play_on@3x.png in Resources */,
				9773DCAC1CC3902300671520 /* film_01.png in Resources */,
				9773DC8A1CC3588F00671520 /* lockScreen_off_f.png in Resources */,
				9773DC9A1CC3588F00671520 /* player_voice_small@3x.png in Resources */,
				9773DC821CC3588F00671520 /* ad_pause_p.png in Resources */,
				9773DCAF1CC3902300671520 /* film_04.png in Resources */,
				9773DC831CC3588F00671520 /* ad_pause_p@2x.png in Resources */,
				9773DC841CC3588F00671520 /* ad_pause_p@3x.png in Resources */,
				9773DC981CC3588F00671520 /* player_voice_big@3x.png in Resources */,
				9773DCAD1CC3902300671520 /* film_02.png in Resources */,
				9773DC881CC3588F00671520 /* home_titleBar_offline@2x.png in Resources */,
				9773DC8D1CC3588F00671520 /* lockScreen_on.png in Resources */,
			);
			runOnlyForDeploymentPostprocessing = 0;
		};
		978BBEA51CC095AD004607C2 /* Resources */ = {
			isa = PBXResourcesBuildPhase;
			buildActionMask = 2147483647;
			files = (
			);
			runOnlyForDeploymentPostprocessing = 0;
		};
		978BBEB01CC095AD004607C2 /* Resources */ = {
			isa = PBXResourcesBuildPhase;
			buildActionMask = 2147483647;
			files = (
			);
			runOnlyForDeploymentPostprocessing = 0;
		};
/* End PBXResourcesBuildPhase section */

/* Begin PBXSourcesBuildPhase section */
		978BBE8A1CC095AD004607C2 /* Sources */ = {
			isa = PBXSourcesBuildPhase;
			buildActionMask = 2147483647;
			files = (
				978BBEF01CC0C746004607C2 /* NSLayoutConstraint+MASDebugAdditions.m in Sources */,
				9773DC681CC3537D00671520 /* ThirdSectionCell.m in Sources */,
				978BBE991CC095AD004607C2 /* ViewController.m in Sources */,
				978BBEEE1CC0C746004607C2 /* MASViewConstraint.m in Sources */,
				978BBE961CC095AD004607C2 /* AppDelegate.m in Sources */,
				978BBE931CC095AD004607C2 /* main.m in Sources */,
				978BBEF11CC0C746004607C2 /* View+MASAdditions.m in Sources */,
				978BBEE91CC0C746004607C2 /* MASCompositeConstraint.m in Sources */,
				9773DC5D1CC3534900671520 /* PlayerDetailController.m in Sources */,
				978BBEED1CC0C746004607C2 /* MASViewAttribute.m in Sources */,
				978BBEEB1CC0C746004607C2 /* MASConstraintMaker.m in Sources */,
				978BBEEF1CC0C746004607C2 /* NSArray+MASAdditions.m in Sources */,
				97BC21D31CC104A800AEB38A /* WilsonConst.m in Sources */,
				9773DC5E1CC3534900671520 /* iQiyiDataSource.m in Sources */,
				9773DC5F1CC3534900671520 /* PlayerDetailCell.m in Sources */,
				9773DCB21CC391E800671520 /* PlayerDetailFilmListModel.m in Sources */,
				978BBEF21CC0C746004607C2 /* ViewController+MASAdditions.m in Sources */,
				978BBEEA1CC0C746004607C2 /* MASConstraint.m in Sources */,
				978BBEEC1CC0C746004607C2 /* MASLayoutConstraint.m in Sources */,
				978BBECB1CC0B943004607C2 /* iQiyiPlayer.m in Sources */,
				9773DC621CC3536600671520 /* FirstSectionCell.m in Sources */,
				9773DC651CC3537200671520 /* SecondSectionCell.m in Sources */,
				9773DC9D1CC37C5B00671520 /* PraiseConsole.m in Sources */,
			);
			runOnlyForDeploymentPostprocessing = 0;
		};
		978BBEA31CC095AD004607C2 /* Sources */ = {
			isa = PBXSourcesBuildPhase;
			buildActionMask = 2147483647;
			files = (
				978BBEAC1CC095AD004607C2 /* iQiyiPlayerDemoTests.m in Sources */,
			);
			runOnlyForDeploymentPostprocessing = 0;
		};
		978BBEAE1CC095AD004607C2 /* Sources */ = {
			isa = PBXSourcesBuildPhase;
			buildActionMask = 2147483647;
			files = (
				978BBEB71CC095AD004607C2 /* iQiyiPlayerDemoUITests.m in Sources */,
			);
			runOnlyForDeploymentPostprocessing = 0;
		};
/* End PBXSourcesBuildPhase section */

/* Begin PBXTargetDependency section */
		978BBEA91CC095AD004607C2 /* PBXTargetDependency */ = {
			isa = PBXTargetDependency;
			target = 978BBE8D1CC095AD004607C2 /* iQiyiPlayerDemo */;
			targetProxy = 978BBEA81CC095AD004607C2 /* PBXContainerItemProxy */;
		};
		978BBEB41CC095AD004607C2 /* PBXTargetDependency */ = {
			isa = PBXTargetDependency;
			target = 978BBE8D1CC095AD004607C2 /* iQiyiPlayerDemo */;
			targetProxy = 978BBEB31CC095AD004607C2 /* PBXContainerItemProxy */;
		};
/* End PBXTargetDependency section */

/* Begin PBXVariantGroup section */
		978BBE9A1CC095AD004607C2 /* Main.storyboard */ = {
			isa = PBXVariantGroup;
			children = (
				978BBE9B1CC095AD004607C2 /* Base */,
			);
			name = Main.storyboard;
			sourceTree = "<group>";
		};
		978BBE9F1CC095AD004607C2 /* LaunchScreen.storyboard */ = {
			isa = PBXVariantGroup;
			children = (
				978BBEA01CC095AD004607C2 /* Base */,
			);
			name = LaunchScreen.storyboard;
			sourceTree = "<group>";
		};
/* End PBXVariantGroup section */

/* Begin XCBuildConfiguration section */
		978BBEB91CC095AD004607C2 /* Debug */ = {
			isa = XCBuildConfiguration;
			buildSettings = {
				ALWAYS_SEARCH_USER_PATHS = NO;
				CLANG_ANALYZER_NONNULL = YES;
				CLANG_CXX_LANGUAGE_STANDARD = "gnu++0x";
				CLANG_CXX_LIBRARY = "libc++";
				CLANG_ENABLE_MODULES = YES;
				CLANG_ENABLE_OBJC_ARC = YES;
				CLANG_WARN_BOOL_CONVERSION = YES;
				CLANG_WARN_CONSTANT_CONVERSION = YES;
				CLANG_WARN_DIRECT_OBJC_ISA_USAGE = YES_ERROR;
				CLANG_WARN_EMPTY_BODY = YES;
				CLANG_WARN_ENUM_CONVERSION = YES;
				CLANG_WARN_INT_CONVERSION = YES;
				CLANG_WARN_OBJC_ROOT_CLASS = YES_ERROR;
				CLANG_WARN_UNREACHABLE_CODE = YES;
				CLANG_WARN__DUPLICATE_METHOD_MATCH = YES;
				"CODE_SIGN_IDENTITY[sdk=iphoneos*]" = "iPhone Developer";
				COPY_PHASE_STRIP = NO;
				DEBUG_INFORMATION_FORMAT = dwarf;
				ENABLE_STRICT_OBJC_MSGSEND = YES;
				ENABLE_TESTABILITY = YES;
				GCC_C_LANGUAGE_STANDARD = gnu99;
				GCC_DYNAMIC_NO_PIC = NO;
				GCC_NO_COMMON_BLOCKS = YES;
				GCC_OPTIMIZATION_LEVEL = 0;
				GCC_PREPROCESSOR_DEFINITIONS = (
					"DEBUG=1",
					"$(inherited)",
				);
				GCC_WARN_64_TO_32_BIT_CONVERSION = YES;
				GCC_WARN_ABOUT_RETURN_TYPE = YES_ERROR;
				GCC_WARN_UNDECLARED_SELECTOR = YES;
				GCC_WARN_UNINITIALIZED_AUTOS = YES_AGGRESSIVE;
				GCC_WARN_UNUSED_FUNCTION = YES;
				GCC_WARN_UNUSED_VARIABLE = YES;
				IPHONEOS_DEPLOYMENT_TARGET = 9.3;
				MTL_ENABLE_DEBUG_INFO = YES;
				ONLY_ACTIVE_ARCH = YES;
				SDKROOT = iphoneos;
				TARGETED_DEVICE_FAMILY = "1,2";
			};
			name = Debug;
		};
		978BBEBA1CC095AD004607C2 /* Release */ = {
			isa = XCBuildConfiguration;
			buildSettings = {
				ALWAYS_SEARCH_USER_PATHS = NO;
				CLANG_ANALYZER_NONNULL = YES;
				CLANG_CXX_LANGUAGE_STANDARD = "gnu++0x";
				CLANG_CXX_LIBRARY = "libc++";
				CLANG_ENABLE_MODULES = YES;
				CLANG_ENABLE_OBJC_ARC = YES;
				CLANG_WARN_BOOL_CONVERSION = YES;
				CLANG_WARN_CONSTANT_CONVERSION = YES;
				CLANG_WARN_DIRECT_OBJC_ISA_USAGE = YES_ERROR;
				CLANG_WARN_EMPTY_BODY = YES;
				CLANG_WARN_ENUM_CONVERSION = YES;
				CLANG_WARN_INT_CONVERSION = YES;
				CLANG_WARN_OBJC_ROOT_CLASS = YES_ERROR;
				CLANG_WARN_UNREACHABLE_CODE = YES;
				CLANG_WARN__DUPLICATE_METHOD_MATCH = YES;
				"CODE_SIGN_IDENTITY[sdk=iphoneos*]" = "iPhone Developer";
				COPY_PHASE_STRIP = NO;
				DEBUG_INFORMATION_FORMAT = "dwarf-with-dsym";
				ENABLE_NS_ASSERTIONS = NO;
				ENABLE_STRICT_OBJC_MSGSEND = YES;
				GCC_C_LANGUAGE_STANDARD = gnu99;
				GCC_NO_COMMON_BLOCKS = YES;
				GCC_WARN_64_TO_32_BIT_CONVERSION = YES;
				GCC_WARN_ABOUT_RETURN_TYPE = YES_ERROR;
				GCC_WARN_UNDECLARED_SELECTOR = YES;
				GCC_WARN_UNINITIALIZED_AUTOS = YES_AGGRESSIVE;
				GCC_WARN_UNUSED_FUNCTION = YES;
				GCC_WARN_UNUSED_VARIABLE = YES;
				IPHONEOS_DEPLOYMENT_TARGET = 9.3;
				MTL_ENABLE_DEBUG_INFO = NO;
				SDKROOT = iphoneos;
				TARGETED_DEVICE_FAMILY = "1,2";
				VALIDATE_PRODUCT = YES;
			};
			name = Release;
		};
		978BBEBC1CC095AD004607C2 /* Debug */ = {
			isa = XCBuildConfiguration;
			buildSettings = {
				ASSETCATALOG_COMPILER_APPICON_NAME = AppIcon;
				GCC_PREFIX_HEADER = "$(SRCROOT)/iQiyiPlayerDemoTests/PrefixHeader.pch";
				INFOPLIST_FILE = iQiyiPlayerDemo/Info.plist;
				LD_RUNPATH_SEARCH_PATHS = "$(inherited) @executable_path/Frameworks";
				PRODUCT_BUNDLE_IDENTIFIER = com.wilsonstream.iQiyiPlayerDemo;
				PRODUCT_NAME = "$(TARGET_NAME)";
			};
			name = Debug;
		};
		978BBEBD1CC095AD004607C2 /* Release */ = {
			isa = XCBuildConfiguration;
			buildSettings = {
				ASSETCATALOG_COMPILER_APPICON_NAME = AppIcon;
				GCC_PREFIX_HEADER = "$(SRCROOT)/iQiyiPlayerDemoTests/PrefixHeader.pch";
				INFOPLIST_FILE = iQiyiPlayerDemo/Info.plist;
				LD_RUNPATH_SEARCH_PATHS = "$(inherited) @executable_path/Frameworks";
				PRODUCT_BUNDLE_IDENTIFIER = com.wilsonstream.iQiyiPlayerDemo;
				PRODUCT_NAME = "$(TARGET_NAME)";
			};
			name = Release;
		};
		978BBEBF1CC095AD004607C2 /* Debug */ = {
			isa = XCBuildConfiguration;
			buildSettings = {
				BUNDLE_LOADER = "$(TEST_HOST)";
				INFOPLIST_FILE = iQiyiPlayerDemoTests/Info.plist;
				LD_RUNPATH_SEARCH_PATHS = "$(inherited) @executable_path/Frameworks @loader_path/Frameworks";
				PRODUCT_BUNDLE_IDENTIFIER = com.wilsonstream.iQiyiPlayerDemoTests;
				PRODUCT_NAME = "$(TARGET_NAME)";
				TEST_HOST = "$(BUILT_PRODUCTS_DIR)/iQiyiPlayerDemo.app/iQiyiPlayerDemo";
			};
			name = Debug;
		};
		978BBEC01CC095AD004607C2 /* Release */ = {
			isa = XCBuildConfiguration;
			buildSettings = {
				BUNDLE_LOADER = "$(TEST_HOST)";
				INFOPLIST_FILE = iQiyiPlayerDemoTests/Info.plist;
				LD_RUNPATH_SEARCH_PATHS = "$(inherited) @executable_path/Frameworks @loader_path/Frameworks";
				PRODUCT_BUNDLE_IDENTIFIER = com.wilsonstream.iQiyiPlayerDemoTests;
				PRODUCT_NAME = "$(TARGET_NAME)";
				TEST_HOST = "$(BUILT_PRODUCTS_DIR)/iQiyiPlayerDemo.app/iQiyiPlayerDemo";
			};
			name = Release;
		};
		978BBEC21CC095AD004607C2 /* Debug */ = {
			isa = XCBuildConfiguration;
			buildSettings = {
				INFOPLIST_FILE = iQiyiPlayerDemoUITests/Info.plist;
				LD_RUNPATH_SEARCH_PATHS = "$(inherited) @executable_path/Frameworks @loader_path/Frameworks";
				PRODUCT_BUNDLE_IDENTIFIER = com.wilsonstream.iQiyiPlayerDemoUITests;
				PRODUCT_NAME = "$(TARGET_NAME)";
				TEST_TARGET_NAME = iQiyiPlayerDemo;
			};
			name = Debug;
		};
		978BBEC31CC095AD004607C2 /* Release */ = {
			isa = XCBuildConfiguration;
			buildSettings = {
				INFOPLIST_FILE = iQiyiPlayerDemoUITests/Info.plist;
				LD_RUNPATH_SEARCH_PATHS = "$(inherited) @executable_path/Frameworks @loader_path/Frameworks";
				PRODUCT_BUNDLE_IDENTIFIER = com.wilsonstream.iQiyiPlayerDemoUITests;
				PRODUCT_NAME = "$(TARGET_NAME)";
				TEST_TARGET_NAME = iQiyiPlayerDemo;
			};
			name = Release;
		};
/* End XCBuildConfiguration section */

/* Begin XCConfigurationList section */
		978BBE891CC095AD004607C2 /* Build configuration list for PBXProject "iQiyiPlayerDemo" */ = {
			isa = XCConfigurationList;
			buildConfigurations = (
				978BBEB91CC095AD004607C2 /* Debug */,
				978BBEBA1CC095AD004607C2 /* Release */,
			);
			defaultConfigurationIsVisible = 0;
			defaultConfigurationName = Release;
		};
		978BBEBB1CC095AD004607C2 /* Build configuration list for PBXNativeTarget "iQiyiPlayerDemo" */ = {
			isa = XCConfigurationList;
			buildConfigurations = (
				978BBEBC1CC095AD004607C2 /* Debug */,
				978BBEBD1CC095AD004607C2 /* Release */,
			);
			defaultConfigurationIsVisible = 0;
			defaultConfigurationName = Release;
		};
		978BBEBE1CC095AD004607C2 /* Build configuration list for PBXNativeTarget "iQiyiPlayerDemoTests" */ = {
			isa = XCConfigurationList;
			buildConfigurations = (
				978BBEBF1CC095AD004607C2 /* Debug */,
				978BBEC01CC095AD004607C2 /* Release */,
			);
			defaultConfigurationIsVisible = 0;
			defaultConfigurationName = Release;
		};
		978BBEC11CC095AD004607C2 /* Build configuration list for PBXNativeTarget "iQiyiPlayerDemoUITests" */ = {
			isa = XCConfigurationList;
			buildConfigurations = (
				978BBEC21CC095AD004607C2 /* Debug */,
				978BBEC31CC095AD004607C2 /* Release */,
			);
			defaultConfigurationIsVisible = 0;
			defaultConfigurationName = Release;
		};
/* End XCConfigurationList section */
	};
	rootObject = 978BBE861CC095AD004607C2 /* Project object */;
}
